// !$*UTF8*$!
{
	archiveVersion = 1;
	classes = {
	};
	objectVersion = 77;
	objects = {

/* Begin PBXBuildFile section */
		01168B5EC7AF98EE1ADA34D8 /* IsletApp.swift in Sources */ = {isa = PBXBuildFile; fileRef = 143DD03B59EE64AE773112BD /* IsletApp.swift */; };
		0AEE728088F02887A0E07BAE /* SettingsView.swift in Sources */ = {isa = PBXBuildFile; fileRef = 99C074399453E7F8439A9CD2 /* SettingsView.swift */; };
		0B5D7C9F97587BFE2049F7D7 /* InteractionStateTests.swift in Sources */ = {isa = PBXBuildFile; fileRef = 406030D1395E35FB24681FE8 /* InteractionStateTests.swift */; };
		1A099891C9DC0C4BBD962245 /* VisibilityDecisionTests.swift in Sources */ = {isa = PBXBuildFile; fileRef = 77325EA9B3F5E810D4ED70AC /* VisibilityDecisionTests.swift */; };
		1D57D6ADAD469EE733EC18AA /* LaunchAtLogin.swift in Sources */ = {isa = PBXBuildFile; fileRef = 0C019020A88EE13E58DABA87 /* LaunchAtLogin.swift */; };
		21D3560AA4C7B91581AA5272 /* FullscreenDetectorTests.swift in Sources */ = {isa = PBXBuildFile; fileRef = E369D2ED7D49953AD66A560B /* FullscreenDetectorTests.swift */; };
		21DD22351526B5DCB2A38A65 /* NotchPillView.swift in Sources */ = {isa = PBXBuildFile; fileRef = 65127041FDE5365C865095B1 /* NotchPillView.swift */; };
		2586E152318B70467587E51C /* NotchGeometry.swift in Sources */ = {isa = PBXBuildFile; fileRef = 1B3A21E53CD41A67CFDD818B /* NotchGeometry.swift */; };
		2B39C5509C7EE35B552C322B /* NotchWindowController.swift in Sources */ = {isa = PBXBuildFile; fileRef = 0C997928190396DADC0ADA29 /* NotchWindowController.swift */; };
		2FAC3D6023B82B021A7B24AE /* AppDelegate.swift in Sources */ = {isa = PBXBuildFile; fileRef = F96A960BD3E29AEB11627FD5 /* AppDelegate.swift */; };
		344AC320C82085AB24E1F3EC /* NotchPanel.swift in Sources */ = {isa = PBXBuildFile; fileRef = 4B5E4C8D0F079A94374A2D7C /* NotchPanel.swift */; };
		4EBD25B8C54F6A68250153F4 /* NotchShapeTests.swift in Sources */ = {isa = PBXBuildFile; fileRef = 43F635228C4261E9EECEC41F /* NotchShapeTests.swift */; };
		6E7588C0E74ED25E45E3F1AE /* FullscreenSpaceProbe.swift in Sources */ = {isa = PBXBuildFile; fileRef = 71E7CA0C877A120B3717E0E4 /* FullscreenSpaceProbe.swift */; };
		8CEEBDB51AC0041BDC1306AC /* FullscreenDetector.swift in Sources */ = {isa = PBXBuildFile; fileRef = 885DB8C610716B7530D89BDB /* FullscreenDetector.swift */; };
		91F81FE03A457F64032081F8 /* NotchShape.swift in Sources */ = {isa = PBXBuildFile; fileRef = ECC50D5D14612F7A3B39F683 /* NotchShape.swift */; };
		A532C893CA28FEBC8B8F87A8 /* NotchPanelTests.swift in Sources */ = {isa = PBXBuildFile; fileRef = 83B2D92BF83095959068F293 /* NotchPanelTests.swift */; };
		B8A5ADF13268775B31FBF78A /* NSScreen+Notch.swift in Sources */ = {isa = PBXBuildFile; fileRef = E72C119AE687341C28E9786C /* NSScreen+Notch.swift */; };
		C78CA158C085F216D8F78933 /* DisplayResolver.swift in Sources */ = {isa = PBXBuildFile; fileRef = FBCD3448A6E1D96014C31896 /* DisplayResolver.swift */; };
		CBFEA4D08C31BD0C3602E177 /* NotchInteractionState.swift in Sources */ = {isa = PBXBuildFile; fileRef = 9EE98C0240E35D702BEA0DBA /* NotchInteractionState.swift */; };
		D727136A82D2AE9B72CFE626 /* Assets.xcassets in Resources */ = {isa = PBXBuildFile; fileRef = 46B181CF063D1999E055DD9B /* Assets.xcassets */; };
		EC7657D874B7543FB31FE075 /* NotchGeometryTests.swift in Sources */ = {isa = PBXBuildFile; fileRef = 984325CC40BE13B07D21477D /* NotchGeometryTests.swift */; };
		FD503D3A7D28F74B8D86C930 /* DisplayResolverTests.swift in Sources */ = {isa = PBXBuildFile; fileRef = 46BB1E7E03C2D400EF6EDBB5 /* DisplayResolverTests.swift */; };
/* End PBXBuildFile section */

/* Begin PBXContainerItemProxy section */
		97E8017AD9939BFEDA6987A7 /* PBXContainerItemProxy */ = {
			isa = PBXContainerItemProxy;
			containerPortal = 8D26EA4585E3E2A0AF056E47 /* Project object */;
			proxyType = 1;
			remoteGlobalIDString = A1E37B5761C97A84D0C08985;
			remoteInfo = Islet;
		};
/* End PBXContainerItemProxy section */

/* Begin PBXFileReference section */
		0C019020A88EE13E58DABA87 /* LaunchAtLogin.swift */ = {isa = PBXFileReference; lastKnownFileType = sourcecode.swift; path = LaunchAtLogin.swift; sourceTree = "<group>"; };
		0C997928190396DADC0ADA29 /* NotchWindowController.swift */ = {isa = PBXFileReference; lastKnownFileType = sourcecode.swift; path = NotchWindowController.swift; sourceTree = "<group>"; };
		143DD03B59EE64AE773112BD /* IsletApp.swift */ = {isa = PBXFileReference; lastKnownFileType = sourcecode.swift; path = IsletApp.swift; sourceTree = "<group>"; };
		1B3A21E53CD41A67CFDD818B /* NotchGeometry.swift */ = {isa = PBXFileReference; lastKnownFileType = sourcecode.swift; path = NotchGeometry.swift; sourceTree = "<group>"; };
		406030D1395E35FB24681FE8 /* InteractionStateTests.swift */ = {isa = PBXFileReference; lastKnownFileType = sourcecode.swift; path = InteractionStateTests.swift; sourceTree = "<group>"; };
		43F635228C4261E9EECEC41F /* NotchShapeTests.swift */ = {isa = PBXFileReference; lastKnownFileType = sourcecode.swift; path = NotchShapeTests.swift; sourceTree = "<group>"; };
		46B181CF063D1999E055DD9B /* Assets.xcassets */ = {isa = PBXFileReference; lastKnownFileType = folder.assetcatalog; path = Assets.xcassets; sourceTree = "<group>"; };
		46BB1E7E03C2D400EF6EDBB5 /* DisplayResolverTests.swift */ = {isa = PBXFileReference; lastKnownFileType = sourcecode.swift; path = DisplayResolverTests.swift; sourceTree = "<group>"; };
		4B5E4C8D0F079A94374A2D7C /* NotchPanel.swift */ = {isa = PBXFileReference; lastKnownFileType = sourcecode.swift; path = NotchPanel.swift; sourceTree = "<group>"; };
		503CB4F6C3E444AEF826DDB3 /* IsletTests.xctest */ = {isa = PBXFileReference; explicitFileType = wrapper.cfbundle; includeInIndex = 0; path = IsletTests.xctest; sourceTree = BUILT_PRODUCTS_DIR; };
		65127041FDE5365C865095B1 /* NotchPillView.swift */ = {isa = PBXFileReference; lastKnownFileType = sourcecode.swift; path = NotchPillView.swift; sourceTree = "<group>"; };
		71E7CA0C877A120B3717E0E4 /* FullscreenSpaceProbe.swift */ = {isa = PBXFileReference; lastKnownFileType = sourcecode.swift; path = FullscreenSpaceProbe.swift; sourceTree = "<group>"; };
		77325EA9B3F5E810D4ED70AC /* VisibilityDecisionTests.swift */ = {isa = PBXFileReference; lastKnownFileType = sourcecode.swift; path = VisibilityDecisionTests.swift; sourceTree = "<group>"; };
		83B2D92BF83095959068F293 /* NotchPanelTests.swift */ = {isa = PBXFileReference; lastKnownFileType = sourcecode.swift; path = NotchPanelTests.swift; sourceTree = "<group>"; };
		885DB8C610716B7530D89BDB /* FullscreenDetector.swift */ = {isa = PBXFileReference; lastKnownFileType = sourcecode.swift; path = FullscreenDetector.swift; sourceTree = "<group>"; };
		984325CC40BE13B07D21477D /* NotchGeometryTests.swift */ = {isa = PBXFileReference; lastKnownFileType = sourcecode.swift; path = NotchGeometryTests.swift; sourceTree = "<group>"; };
		99C074399453E7F8439A9CD2 /* SettingsView.swift */ = {isa = PBXFileReference; lastKnownFileType = sourcecode.swift; path = SettingsView.swift; sourceTree = "<group>"; };
		9CE81E9432BCF90C884078EA /* Islet.app */ = {isa = PBXFileReference; explicitFileType = wrapper.application; includeInIndex = 0; path = Islet.app; sourceTree = BUILT_PRODUCTS_DIR; };
		9EE98C0240E35D702BEA0DBA /* NotchInteractionState.swift */ = {isa = PBXFileReference; lastKnownFileType = sourcecode.swift; path = NotchInteractionState.swift; sourceTree = "<group>"; };
		E369D2ED7D49953AD66A560B /* FullscreenDetectorTests.swift */ = {isa = PBXFileReference; lastKnownFileType = sourcecode.swift; path = FullscreenDetectorTests.swift; sourceTree = "<group>"; };
		E72C119AE687341C28E9786C /* NSScreen+Notch.swift */ = {isa = PBXFileReference; lastKnownFileType = sourcecode.swift; path = "NSScreen+Notch.swift"; sourceTree = "<group>"; };
		ECC50D5D14612F7A3B39F683 /* NotchShape.swift */ = {isa = PBXFileReference; lastKnownFileType = sourcecode.swift; path = NotchShape.swift; sourceTree = "<group>"; };
		F96A960BD3E29AEB11627FD5 /* AppDelegate.swift */ = {isa = PBXFileReference; lastKnownFileType = sourcecode.swift; path = AppDelegate.swift; sourceTree = "<group>"; };
		FBCD3448A6E1D96014C31896 /* DisplayResolver.swift */ = {isa = PBXFileReference; lastKnownFileType = sourcecode.swift; path = DisplayResolver.swift; sourceTree = "<group>"; };
/* End PBXFileReference section */

/* Begin PBXGroup section */
		2A6EFEBFBF547E6277E6C69F /* IsletTests */ = {
			isa = PBXGroup;
			children = (
				46BB1E7E03C2D400EF6EDBB5 /* DisplayResolverTests.swift */,
				E369D2ED7D49953AD66A560B /* FullscreenDetectorTests.swift */,
				406030D1395E35FB24681FE8 /* InteractionStateTests.swift */,
				984325CC40BE13B07D21477D /* NotchGeometryTests.swift */,
				83B2D92BF83095959068F293 /* NotchPanelTests.swift */,
				43F635228C4261E9EECEC41F /* NotchShapeTests.swift */,
				77325EA9B3F5E810D4ED70AC /* VisibilityDecisionTests.swift */,
			);
			path = IsletTests;
			sourceTree = "<group>";
		};
		887CF6BBB34ACF144B73EC29 /* Islet */ = {
			isa = PBXGroup;
			children = (
				F96A960BD3E29AEB11627FD5 /* AppDelegate.swift */,
				46B181CF063D1999E055DD9B /* Assets.xcassets */,
				143DD03B59EE64AE773112BD /* IsletApp.swift */,
				0C019020A88EE13E58DABA87 /* LaunchAtLogin.swift */,
				99C074399453E7F8439A9CD2 /* SettingsView.swift */,
				EA504E63C5387A70CEC3745D /* Notch */,
			);
			path = Islet;
			sourceTree = "<group>";
		};
		C177373778F579B56E86969A /* Products */ = {
			isa = PBXGroup;
			children = (
				9CE81E9432BCF90C884078EA /* Islet.app */,
				503CB4F6C3E444AEF826DDB3 /* IsletTests.xctest */,
			);
			name = Products;
			sourceTree = "<group>";
		};
		CD5CDA7B0E3E84CD742CC3BA = {
			isa = PBXGroup;
			children = (
				887CF6BBB34ACF144B73EC29 /* Islet */,
				2A6EFEBFBF547E6277E6C69F /* IsletTests */,
				C177373778F579B56E86969A /* Products */,
			);
			sourceTree = "<group>";
		};
		EA504E63C5387A70CEC3745D /* Notch */ = {
			isa = PBXGroup;
			children = (
				FBCD3448A6E1D96014C31896 /* DisplayResolver.swift */,
				885DB8C610716B7530D89BDB /* FullscreenDetector.swift */,
				71E7CA0C877A120B3717E0E4 /* FullscreenSpaceProbe.swift */,
				1B3A21E53CD41A67CFDD818B /* NotchGeometry.swift */,
				9EE98C0240E35D702BEA0DBA /* NotchInteractionState.swift */,
				4B5E4C8D0F079A94374A2D7C /* NotchPanel.swift */,
				65127041FDE5365C865095B1 /* NotchPillView.swift */,
				ECC50D5D14612F7A3B39F683 /* NotchShape.swift */,
				0C997928190396DADC0ADA29 /* NotchWindowController.swift */,
				E72C119AE687341C28E9786C /* NSScreen+Notch.swift */,
			);
			path = Notch;
			sourceTree = "<group>";
		};
/* End PBXGroup section */

/* Begin PBXNativeTarget section */
		A1E37B5761C97A84D0C08985 /* Islet */ = {
			isa = PBXNativeTarget;
			buildConfigurationList = 381E4B6B537864FE6387E85B /* Build configuration list for PBXNativeTarget "Islet" */;
			buildPhases = (
				990BC17A77347B07C89113AB /* Sources */,
				449F05D2898C80051C5AEFB8 /* Resources */,
			);
			buildRules = (
			);
			dependencies = (
			);
			name = Islet;
			packageProductDependencies = (
			);
			productName = Islet;
			productReference = 9CE81E9432BCF90C884078EA /* Islet.app */;
			productType = "com.apple.product-type.application";
		};
		C01E8954EF80BB42EE9F46CE /* IsletTests */ = {
			isa = PBXNativeTarget;
			buildConfigurationList = 1613E481DA5052E2183537BF /* Build configuration list for PBXNativeTarget "IsletTests" */;
			buildPhases = (
				E264CB91B06C71778999BCBB /* Sources */,
			);
			buildRules = (
			);
			dependencies = (
				F82D379B472EAD98E3B3A03E /* PBXTargetDependency */,
			);
			name = IsletTests;
			packageProductDependencies = (
			);
			productName = IsletTests;
			productReference = 503CB4F6C3E444AEF826DDB3 /* IsletTests.xctest */;
			productType = "com.apple.product-type.bundle.unit-test";
		};
/* End PBXNativeTarget section */

/* Begin PBXProject section */
		8D26EA4585E3E2A0AF056E47 /* Project object */ = {
			isa = PBXProject;
			attributes = {
				BuildIndependentTargetsInParallel = YES;
				LastUpgradeCheck = 1430;
				TargetAttributes = {
					A1E37B5761C97A84D0C08985 = {
						ProvisioningStyle = Automatic;
					};
					C01E8954EF80BB42EE9F46CE = {
						ProvisioningStyle = Automatic;
					};
				};
			};
			buildConfigurationList = 779A1F3A63125DBE409150FD /* Build configuration list for PBXProject "Islet" */;
			developmentRegion = en;
			hasScannedForEncodings = 0;
			knownRegions = (
				Base,
				en,
			);
			mainGroup = CD5CDA7B0E3E84CD742CC3BA;
			minimizedProjectReferenceProxies = 1;
			preferredProjectObjectVersion = 77;
			productRefGroup = C177373778F579B56E86969A /* Products */;
			projectDirPath = "";
			projectRoot = "";
			targets = (
				A1E37B5761C97A84D0C08985 /* Islet */,
				C01E8954EF80BB42EE9F46CE /* IsletTests */,
			);
		};
/* End PBXProject section */

/* Begin PBXResourcesBuildPhase section */
		449F05D2898C80051C5AEFB8 /* Resources */ = {
			isa = PBXResourcesBuildPhase;
			buildActionMask = 2147483647;
			files = (
				D727136A82D2AE9B72CFE626 /* Assets.xcassets in Resources */,
			);
			runOnlyForDeploymentPostprocessing = 0;
		};
/* End PBXResourcesBuildPhase section */

/* Begin PBXSourcesBuildPhase section */
		990BC17A77347B07C89113AB /* Sources */ = {
			isa = PBXSourcesBuildPhase;
			buildActionMask = 2147483647;
			files = (
				2FAC3D6023B82B021A7B24AE /* AppDelegate.swift in Sources */,
				C78CA158C085F216D8F78933 /* DisplayResolver.swift in Sources */,
				8CEEBDB51AC0041BDC1306AC /* FullscreenDetector.swift in Sources */,
				6E7588C0E74ED25E45E3F1AE /* FullscreenSpaceProbe.swift in Sources */,
				01168B5EC7AF98EE1ADA34D8 /* IsletApp.swift in Sources */,
				1D57D6ADAD469EE733EC18AA /* LaunchAtLogin.swift in Sources */,
				B8A5ADF13268775B31FBF78A /* NSScreen+Notch.swift in Sources */,
				2586E152318B70467587E51C /* NotchGeometry.swift in Sources */,
				CBFEA4D08C31BD0C3602E177 /* NotchInteractionState.swift in Sources */,
				344AC320C82085AB24E1F3EC /* NotchPanel.swift in Sources */,
				21DD22351526B5DCB2A38A65 /* NotchPillView.swift in Sources */,
				91F81FE03A457F64032081F8 /* NotchShape.swift in Sources */,
				2B39C5509C7EE35B552C322B /* NotchWindowController.swift in Sources */,
				0AEE728088F02887A0E07BAE /* SettingsView.swift in Sources */,
			);
			runOnlyForDeploymentPostprocessing = 0;
		};
		E264CB91B06C71778999BCBB /* Sources */ = {
			isa = PBXSourcesBuildPhase;
			buildActionMask = 2147483647;
			files = (
				FD503D3A7D28F74B8D86C930 /* DisplayResolverTests.swift in Sources */,
				21D3560AA4C7B91581AA5272 /* FullscreenDetectorTests.swift in Sources */,
				0B5D7C9F97587BFE2049F7D7 /* InteractionStateTests.swift in Sources */,
				EC7657D874B7543FB31FE075 /* NotchGeometryTests.swift in Sources */,
				A532C893CA28FEBC8B8F87A8 /* NotchPanelTests.swift in Sources */,
				4EBD25B8C54F6A68250153F4 /* NotchShapeTests.swift in Sources */,
				1A099891C9DC0C4BBD962245 /* VisibilityDecisionTests.swift in Sources */,
			);
			runOnlyForDeploymentPostprocessing = 0;
		};
/* End PBXSourcesBuildPhase section */

/* Begin PBXTargetDependency section */
		F82D379B472EAD98E3B3A03E /* PBXTargetDependency */ = {
			isa = PBXTargetDependency;
			target = A1E37B5761C97A84D0C08985 /* Islet */;
			targetProxy = 97E8017AD9939BFEDA6987A7 /* PBXContainerItemProxy */;
		};
/* End PBXTargetDependency section */

/* Begin XCBuildConfiguration section */
		312C1CF12F3F2D988CF0B9E0 /* Debug */ = {
			isa = XCBuildConfiguration;
			buildSettings = {
				ASSETCATALOG_COMPILER_APPICON_NAME = AppIcon;
				COMBINE_HIDPI_IMAGES = YES;
				CURRENT_PROJECT_VERSION = 1;
				ENABLE_APP_SANDBOX = NO;
				ENABLE_HARDENED_RUNTIME = YES;
				GENERATE_INFOPLIST_FILE = YES;
				INFOPLIST_KEY_CFBundleDisplayName = Islet;
				INFOPLIST_KEY_LSUIElement = YES;
				LD_RUNPATH_SEARCH_PATHS = (
					"$(inherited)",
					"@executable_path/../Frameworks",
				);
				MACOSX_DEPLOYMENT_TARGET = 14.0;
				MARKETING_VERSION = 1.0;
				PRODUCT_BUNDLE_IDENTIFIER = com.lippi304.islet;
				PRODUCT_NAME = Islet;
				SDKROOT = macosx;
				SWIFT_VERSION = 5.0;
			};
			name = Debug;
		};
		3554CB72CEE03D6932CF3073 /* Debug */ = {
			isa = XCBuildConfiguration;
			buildSettings = {
				ALWAYS_SEARCH_USER_PATHS = NO;
				CLANG_ANALYZER_NONNULL = YES;
				CLANG_ANALYZER_NUMBER_OBJECT_CONVERSION = YES_AGGRESSIVE;
				CLANG_CXX_LANGUAGE_STANDARD = "gnu++14";
				CLANG_CXX_LIBRARY = "libc++";
				CLANG_ENABLE_MODULES = YES;
				CLANG_ENABLE_OBJC_ARC = YES;
				CLANG_ENABLE_OBJC_WEAK = YES;
				CLANG_WARN_BLOCK_CAPTURE_AUTORELEASING = YES;
				CLANG_WARN_BOOL_CONVERSION = YES;
				CLANG_WARN_COMMA = YES;
				CLANG_WARN_CONSTANT_CONVERSION = YES;
				CLANG_WARN_DEPRECATED_OBJC_IMPLEMENTATIONS = YES;
				CLANG_WARN_DIRECT_OBJC_ISA_USAGE = YES_ERROR;
				CLANG_WARN_DOCUMENTATION_COMMENTS = YES;
				CLANG_WARN_EMPTY_BODY = YES;
				CLANG_WARN_ENUM_CONVERSION = YES;
				CLANG_WARN_INFINITE_RECURSION = YES;
				CLANG_WARN_INT_CONVERSION = YES;
				CLANG_WARN_NON_LITERAL_NULL_CONVERSION = YES;
				CLANG_WARN_OBJC_IMPLICIT_RETAIN_SELF = YES;
				CLANG_WARN_OBJC_LITERAL_CONVERSION = YES;
				CLANG_WARN_OBJC_ROOT_CLASS = YES_ERROR;
				CLANG_WARN_QUOTED_INCLUDE_IN_FRAMEWORK_HEADER = YES;
				CLANG_WARN_RANGE_LOOP_ANALYSIS = YES;
				CLANG_WARN_STRICT_PROTOTYPES = YES;
				CLANG_WARN_SUSPICIOUS_MOVE = YES;
				CLANG_WARN_UNGUARDED_AVAILABILITY = YES_AGGRESSIVE;
				CLANG_WARN_UNREACHABLE_CODE = YES;
				CLANG_WARN__DUPLICATE_METHOD_MATCH = YES;
				CODE_SIGN_IDENTITY = "-";
				CODE_SIGN_STYLE = Automatic;
				COPY_PHASE_STRIP = NO;
				DEAD_CODE_STRIPPING = YES;
				DEBUG_INFORMATION_FORMAT = dwarf;
				ENABLE_HARDENED_RUNTIME = YES;
				ENABLE_STRICT_OBJC_MSGSEND = YES;
				ENABLE_TESTABILITY = YES;
				GCC_C_LANGUAGE_STANDARD = gnu11;
				GCC_DYNAMIC_NO_PIC = NO;
				GCC_NO_COMMON_BLOCKS = YES;
				GCC_OPTIMIZATION_LEVEL = 0;
				GCC_PREPROCESSOR_DEFINITIONS = (
					"$(inherited)",
					"DEBUG=1",
				);
				GCC_WARN_64_TO_32_BIT_CONVERSION = YES;
				GCC_WARN_ABOUT_RETURN_TYPE = YES_ERROR;
				GCC_WARN_UNDECLARED_SELECTOR = YES;
				GCC_WARN_UNINITIALIZED_AUTOS = YES_AGGRESSIVE;
				GCC_WARN_UNUSED_FUNCTION = YES;
				GCC_WARN_UNUSED_VARIABLE = YES;
				MACOSX_DEPLOYMENT_TARGET = 14.0;
				MTL_ENABLE_DEBUG_INFO = INCLUDE_SOURCE;
				MTL_FAST_MATH = YES;
				ONLY_ACTIVE_ARCH = YES;
				PRODUCT_NAME = "$(TARGET_NAME)";
				SDKROOT = macosx;
				SWIFT_ACTIVE_COMPILATION_CONDITIONS = DEBUG;
				SWIFT_OPTIMIZATION_LEVEL = "-Onone";
				SWIFT_VERSION = 5.0;
			};
			name = Debug;
		};
		72F9A251BC1D7CA4C1398530 /* Release */ = {
			isa = XCBuildConfiguration;
			buildSettings = {
				ALWAYS_SEARCH_USER_PATHS = NO;
				CLANG_ANALYZER_NONNULL = YES;
				CLANG_ANALYZER_NUMBER_OBJECT_CONVERSION = YES_AGGRESSIVE;
				CLANG_CXX_LANGUAGE_STANDARD = "gnu++14";
				CLANG_CXX_LIBRARY = "libc++";
				CLANG_ENABLE_MODULES = YES;
				CLANG_ENABLE_OBJC_ARC = YES;
				CLANG_ENABLE_OBJC_WEAK = YES;
				CLANG_WARN_BLOCK_CAPTURE_AUTORELEASING = YES;
				CLANG_WARN_BOOL_CONVERSION = YES;
				CLANG_WARN_COMMA = YES;
				CLANG_WARN_CONSTANT_CONVERSION = YES;
				CLANG_WARN_DEPRECATED_OBJC_IMPLEMENTATIONS = YES;
				CLANG_WARN_DIRECT_OBJC_ISA_USAGE = YES_ERROR;
				CLANG_WARN_DOCUMENTATION_COMMENTS = YES;
				CLANG_WARN_EMPTY_BODY = YES;
				CLANG_WARN_ENUM_CONVERSION = YES;
				CLANG_WARN_INFINITE_RECURSION = YES;
				CLANG_WARN_INT_CONVERSION = YES;
				CLANG_WARN_NON_LITERAL_NULL_CONVERSION = YES;
				CLANG_WARN_OBJC_IMPLICIT_RETAIN_SELF = YES;
				CLANG_WARN_OBJC_LITERAL_CONVERSION = YES;
				CLANG_WARN_OBJC_ROOT_CLASS = YES_ERROR;
				CLANG_WARN_QUOTED_INCLUDE_IN_FRAMEWORK_HEADER = YES;
				CLANG_WARN_RANGE_LOOP_ANALYSIS = YES;
				CLANG_WARN_STRICT_PROTOTYPES = YES;
				CLANG_WARN_SUSPICIOUS_MOVE = YES;
				CLANG_WARN_UNGUARDED_AVAILABILITY = YES_AGGRESSIVE;
				CLANG_WARN_UNREACHABLE_CODE = YES;
				CLANG_WARN__DUPLICATE_METHOD_MATCH = YES;
				CODE_SIGN_IDENTITY = "-";
				CODE_SIGN_STYLE = Automatic;
				COPY_PHASE_STRIP = NO;
				DEAD_CODE_STRIPPING = YES;
				DEBUG_INFORMATION_FORMAT = "dwarf-with-dsym";
				ENABLE_HARDENED_RUNTIME = YES;
				ENABLE_NS_ASSERTIONS = NO;
				ENABLE_STRICT_OBJC_MSGSEND = YES;
				GCC_C_LANGUAGE_STANDARD = gnu11;
				GCC_NO_COMMON_BLOCKS = YES;
				GCC_WARN_64_TO_32_BIT_CONVERSION = YES;
				GCC_WARN_ABOUT_RETURN_TYPE = YES_ERROR;
				GCC_WARN_UNDECLARED_SELECTOR = YES;
				GCC_WARN_UNINITIALIZED_AUTOS = YES_AGGRESSIVE;
				GCC_WARN_UNUSED_FUNCTION = YES;
				GCC_WARN_UNUSED_VARIABLE = YES;
				MACOSX_DEPLOYMENT_TARGET = 14.0;
				MTL_ENABLE_DEBUG_INFO = NO;
				MTL_FAST_MATH = YES;
				PRODUCT_NAME = "$(TARGET_NAME)";
				SDKROOT = macosx;
				SWIFT_COMPILATION_MODE = wholemodule;
				SWIFT_OPTIMIZATION_LEVEL = "-O";
				SWIFT_VERSION = 5.0;
			};
			name = Release;
		};
		84FAAF9CC55DFE40E61A271F /* Release */ = {
			isa = XCBuildConfiguration;
			buildSettings = {
				ASSETCATALOG_COMPILER_APPICON_NAME = AppIcon;
				COMBINE_HIDPI_IMAGES = YES;
				CURRENT_PROJECT_VERSION = 1;
				ENABLE_APP_SANDBOX = NO;
				ENABLE_HARDENED_RUNTIME = YES;
				GENERATE_INFOPLIST_FILE = YES;
				INFOPLIST_KEY_CFBundleDisplayName = Islet;
				INFOPLIST_KEY_LSUIElement = YES;
				LD_RUNPATH_SEARCH_PATHS = (
					"$(inherited)",
					"@executable_path/../Frameworks",
				);
				MACOSX_DEPLOYMENT_TARGET = 14.0;
				MARKETING_VERSION = 1.0;
				PRODUCT_BUNDLE_IDENTIFIER = com.lippi304.islet;
				PRODUCT_NAME = Islet;
				SDKROOT = macosx;
				SWIFT_VERSION = 5.0;
			};
			name = Release;
		};
		BFADF68718A9D4A786544A44 /* Debug */ = {
			isa = XCBuildConfiguration;
			buildSettings = {
				BUNDLE_LOADER = "$(TEST_HOST)";
				COMBINE_HIDPI_IMAGES = YES;
				GENERATE_INFOPLIST_FILE = YES;
				LD_RUNPATH_SEARCH_PATHS = (
					"$(inherited)",
					"@executable_path/../Frameworks",
					"@loader_path/../Frameworks",
				);
				MACOSX_DEPLOYMENT_TARGET = 14.0;
				PRODUCT_BUNDLE_IDENTIFIER = com.lippi304.IsletTests;
				SDKROOT = macosx;
				SWIFT_VERSION = 5.0;
				TEST_HOST = "$(BUILT_PRODUCTS_DIR)/Islet.app/Contents/MacOS/Islet";
			};
			name = Debug;
		};
		CC1E439B43DBBA06FD2A76BF /* Release */ = {
			isa = XCBuildConfiguration;
			buildSettings = {
				BUNDLE_LOADER = "$(TEST_HOST)";
				COMBINE_HIDPI_IMAGES = YES;
				GENERATE_INFOPLIST_FILE = YES;
				LD_RUNPATH_SEARCH_PATHS = (
					"$(inherited)",
					"@executable_path/../Frameworks",
					"@loader_path/../Frameworks",
				);
				MACOSX_DEPLOYMENT_TARGET = 14.0;
				PRODUCT_BUNDLE_IDENTIFIER = com.lippi304.IsletTests;
				SDKROOT = macosx;
				SWIFT_VERSION = 5.0;
				TEST_HOST = "$(BUILT_PRODUCTS_DIR)/Islet.app/Contents/MacOS/Islet";
			};
			name = Release;
		};
/* End XCBuildConfiguration section */

/* Begin XCConfigurationList section */
		1613E481DA5052E2183537BF /* Build configuration list for PBXNativeTarget "IsletTests" */ = {
			isa = XCConfigurationList;
			buildConfigurations = (
				BFADF68718A9D4A786544A44 /* Debug */,
				CC1E439B43DBBA06FD2A76BF /* Release */,
			);
			defaultConfigurationIsVisible = 0;
			defaultConfigurationName = Debug;
		};
		381E4B6B537864FE6387E85B /* Build configuration list for PBXNativeTarget "Islet" */ = {
			isa = XCConfigurationList;
			buildConfigurations = (
				312C1CF12F3F2D988CF0B9E0 /* Debug */,
				84FAAF9CC55DFE40E61A271F /* Release */,
			);
			defaultConfigurationIsVisible = 0;
			defaultConfigurationName = Debug;
		};
		779A1F3A63125DBE409150FD /* Build configuration list for PBXProject "Islet" */ = {
			isa = XCConfigurationList;
			buildConfigurations = (
				3554CB72CEE03D6932CF3073 /* Debug */,
				72F9A251BC1D7CA4C1398530 /* Release */,
			);
			defaultConfigurationIsVisible = 0;
			defaultConfigurationName = Debug;
		};
/* End XCConfigurationList section */
	};
	rootObject = 8D26EA4585E3E2A0AF056E47 /* Project object */;
}
