// !$*UTF8*$!
{
	archiveVersion = 1;
	classes = {
	};
	objectVersion = 77;
	objects = {

/* Begin PBXBuildFile section */
		01168B5EC7AF98EE1ADA34D8 /* IsletApp.swift in Sources */ = {isa = PBXBuildFile; fileRef = 143DD03B59EE64AE773112BD /* IsletApp.swift */; };
		04A2E8142E58F12B0A28BBB4 /* TrialLogic.swift in Sources */ = {isa = PBXBuildFile; fileRef = 31972FF1ED9E30425E37EE11 /* TrialLogic.swift */; };
		05E3F6406213849B1212DA66 /* ShelfItem.swift in Sources */ = {isa = PBXBuildFile; fileRef = D2C09F7CB439DBC707F7E095 /* ShelfItem.swift */; };
		093EB93DF4C26FB9D4D0E4C5 /* PolarLicenseServiceTests.swift in Sources */ = {isa = PBXBuildFile; fileRef = 5639E162109F97C9FE173C50 /* PolarLicenseServiceTests.swift */; };
		0AEE728088F02887A0E07BAE /* SettingsView.swift in Sources */ = {isa = PBXBuildFile; fileRef = 99C074399453E7F8439A9CD2 /* SettingsView.swift */; };
		0B5D7C9F97587BFE2049F7D7 /* InteractionStateTests.swift in Sources */ = {isa = PBXBuildFile; fileRef = 406030D1395E35FB24681FE8 /* InteractionStateTests.swift */; };
		16A051D140699708997B8A33 /* DeviceCoordinatorTests.swift in Sources */ = {isa = PBXBuildFile; fileRef = 0A6FA5F67CABA606F19ED731 /* DeviceCoordinatorTests.swift */; };
		19C104D4C4BCFDB492D88B16 /* ViewSwitcherState.swift in Sources */ = {isa = PBXBuildFile; fileRef = 5FD7011AF8E607471C7F73FB /* ViewSwitcherState.swift */; };
		1A099891C9DC0C4BBD962245 /* VisibilityDecisionTests.swift in Sources */ = {isa = PBXBuildFile; fileRef = 77325EA9B3F5E810D4ED70AC /* VisibilityDecisionTests.swift */; };
		1BA8891F7920EC9DD6F9E2B2 /* DancingScript-Variable.ttf in Resources */ = {isa = PBXBuildFile; fileRef = E47DF64E0B34AEF713CAB91D /* DancingScript-Variable.ttf */; };
		1C34C1BD974D50396F6713F0 /* IslandPresentationState.swift in Sources */ = {isa = PBXBuildFile; fileRef = 0EEA35677CE1730669284423 /* IslandPresentationState.swift */; };
		1D57D6ADAD469EE733EC18AA /* LaunchAtLogin.swift in Sources */ = {isa = PBXBuildFile; fileRef = 0C019020A88EE13E58DABA87 /* LaunchAtLogin.swift */; };
		1E4766E3B83E3E06186D2154 /* ShelfCoordinator.swift in Sources */ = {isa = PBXBuildFile; fileRef = 518F37B1B7F2553405CF0926 /* ShelfCoordinator.swift */; };
		1F2B2E8221BC9084BB4A839D /* PowerActivityTests.swift in Sources */ = {isa = PBXBuildFile; fileRef = 5D869CDF80317230429414E1 /* PowerActivityTests.swift */; };
		21D3560AA4C7B91581AA5272 /* FullscreenDetectorTests.swift in Sources */ = {isa = PBXBuildFile; fileRef = E369D2ED7D49953AD66A560B /* FullscreenDetectorTests.swift */; };
		21DD22351526B5DCB2A38A65 /* NotchPillView.swift in Sources */ = {isa = PBXBuildFile; fileRef = 65127041FDE5365C865095B1 /* NotchPillView.swift */; };
		2586E152318B70467587E51C /* NotchGeometry.swift in Sources */ = {isa = PBXBuildFile; fileRef = 1B3A21E53CD41A67CFDD818B /* NotchGeometry.swift */; };
		2B39C5509C7EE35B552C322B /* NotchWindowController.swift in Sources */ = {isa = PBXBuildFile; fileRef = 0C997928190396DADC0ADA29 /* NotchWindowController.swift */; };
		2F75ED15F35CB39A20ED54AB /* ActivitySettingsTests.swift in Sources */ = {isa = PBXBuildFile; fileRef = C54DE6734ABC75FD146F9FCF /* ActivitySettingsTests.swift */; };
		2FAC3D6023B82B021A7B24AE /* AppDelegate.swift in Sources */ = {isa = PBXBuildFile; fileRef = F96A960BD3E29AEB11627FD5 /* AppDelegate.swift */; };
		3144E8E6A58EE93C8C34C163 /* DancingScript-OFL.txt in Resources */ = {isa = PBXBuildFile; fileRef = 1FC3046FCECB25B228688FF4 /* DancingScript-OFL.txt */; };
		34071739EA3C6FAD089AEA67 /* MediaRemoteAdapter in Frameworks */ = {isa = PBXBuildFile; productRef = D6A7AB5384DD081F88A00374 /* MediaRemoteAdapter */; };
		344AC320C82085AB24E1F3EC /* NotchPanel.swift in Sources */ = {isa = PBXBuildFile; fileRef = 4B5E4C8D0F079A94374A2D7C /* NotchPanel.swift */; };
		3724A77CBBC391E628A7C5EA /* TrialManagerTests.swift in Sources */ = {isa = PBXBuildFile; fileRef = 11EDAEA183BDB83B0E678C41 /* TrialManagerTests.swift */; };
		3958A1E6D1E4AAE3829D3F20 /* ShelfFileStoreTests.swift in Sources */ = {isa = PBXBuildFile; fileRef = 858D32BF5C426DA996EF8187 /* ShelfFileStoreTests.swift */; };
		3A5F1F3C8D2C451435E0A5BB /* NowPlayingPresentation.swift in Sources */ = {isa = PBXBuildFile; fileRef = 09022AEB4178AE45BE2F65BE /* NowPlayingPresentation.swift */; };
		3A648BCBD12C7B890B70A229 /* LiquidGlassShader.metal in Sources */ = {isa = PBXBuildFile; fileRef = 2B5A2F6E4109A7EDAF7E5405 /* LiquidGlassShader.metal */; };
		3AFB898616FDDD93C37B1906 /* PolarLicenseService.swift in Sources */ = {isa = PBXBuildFile; fileRef = 3AA8943FF6A71F7546A800BD /* PolarLicenseService.swift */; };
		3E6957C0B3CCDD414EFEC936 /* DeviceActivityTests.swift in Sources */ = {isa = PBXBuildFile; fileRef = AEB2B7145BD887A3866F1B1D /* DeviceActivityTests.swift */; };
		40A19305FE709A3C8F605C3B /* NowPlayingPresentationTests.swift in Sources */ = {isa = PBXBuildFile; fileRef = E725CBBC2A72FD37F720710D /* NowPlayingPresentationTests.swift */; };
		43DF0886D3878D38B6157239 /* WeatherCategoryTests.swift in Sources */ = {isa = PBXBuildFile; fileRef = FCB0C1FFC49C8A8CE3E74509 /* WeatherCategoryTests.swift */; };
		48156062092638E2BD35BAA0 /* LicenseStateTests.swift in Sources */ = {isa = PBXBuildFile; fileRef = 0B227C92D09FB6EAB081E62E /* LicenseStateTests.swift */; };
		4D42E4610ECAF1591FEAD40D /* QuickActionSharingService.swift in Sources */ = {isa = PBXBuildFile; fileRef = BD8C607878B62D262514A41D /* QuickActionSharingService.swift */; };
		4EBD25B8C54F6A68250153F4 /* NotchShapeTests.swift in Sources */ = {isa = PBXBuildFile; fileRef = 43F635228C4261E9EECEC41F /* NotchShapeTests.swift */; };
		56BC6DBE6E5F1E2B6F485BE0 /* CalendarGlance.swift in Sources */ = {isa = PBXBuildFile; fileRef = ECDB797EE481836D5DD878FD /* CalendarGlance.swift */; };
		57E10B87D7BD50703138D12D /* FocusActivityTests.swift in Sources */ = {isa = PBXBuildFile; fileRef = 1B95E794C13DE3DAA7C2891B /* FocusActivityTests.swift */; };
		59A9F1A6B642331EFB7EBE26 /* LocationProvider.swift in Sources */ = {isa = PBXBuildFile; fileRef = C2E70A8667DE9528FD2F0CFB /* LocationProvider.swift */; };
		5E2A0DEF48DA471FE9426F9A /* CalendarViewState.swift in Sources */ = {isa = PBXBuildFile; fileRef = 7D373EEE76BE733AFEDD28FD /* CalendarViewState.swift */; };
		62BB9F9BCB658F55890D95BD /* LicenseServiceTests.swift in Sources */ = {isa = PBXBuildFile; fileRef = 471EC72A07A658DCBFCDDB38 /* LicenseServiceTests.swift */; };
		62EB1AC3385E6D87A18F3852 /* ChargingActivityState.swift in Sources */ = {isa = PBXBuildFile; fileRef = 279E3593C9C2B7DD25AF01BA /* ChargingActivityState.swift */; };
		6760B75E8CA5DA979BB43486 /* KeychainLicenseStore.swift in Sources */ = {isa = PBXBuildFile; fileRef = 30839BA1A62ECDA5057B779C /* KeychainLicenseStore.swift */; };
		68CE6D5F610C8C037058F697 /* WeatherCategory.swift in Sources */ = {isa = PBXBuildFile; fileRef = D2B811CCD53A0E77D86C48E5 /* WeatherCategory.swift */; };
		6B351B58889CA7C8B7C93511 /* DragApproachGeometryTests.swift in Sources */ = {isa = PBXBuildFile; fileRef = ED0AECE18823EB0442DA5464 /* DragApproachGeometryTests.swift */; };
		6DA98B2B2107409BB8BD64FE /* CGSSpace.swift in Sources */ = {isa = PBXBuildFile; fileRef = 2151B8D097AF9D3098ED16D7 /* CGSSpace.swift */; };
		6E7588C0E74ED25E45E3F1AE /* FullscreenSpaceProbe.swift in Sources */ = {isa = PBXBuildFile; fileRef = 71E7CA0C877A120B3717E0E4 /* FullscreenSpaceProbe.swift */; };
		730C2D90EDBDA9578FFD3D07 /* BasicOutfitState.swift in Sources */ = {isa = PBXBuildFile; fileRef = 25742CBF490BEC1233F661FD /* BasicOutfitState.swift */; };
		73CE033423AF42901EED96D5 /* DropInterceptTap.swift in Sources */ = {isa = PBXBuildFile; fileRef = C75C7435C3C840FC929C873C /* DropInterceptTap.swift */; };
		75B9F62FA809ED170142A930 /* ShelfLogicTests.swift in Sources */ = {isa = PBXBuildFile; fileRef = 9CB460DC51BC6612D0A4A134 /* ShelfLogicTests.swift */; };
		7604855295CC6043B60954AF /* LicenseManagerTests.swift in Sources */ = {isa = PBXBuildFile; fileRef = 5224A9D0D55A9C335559EDBB /* LicenseManagerTests.swift */; };
		774A2C14E09EB8BE82006A9B /* ActivityCoordinator.swift in Sources */ = {isa = PBXBuildFile; fileRef = 6DC5BB9CB3A249FF6341FA77 /* ActivityCoordinator.swift */; };
		78E654D36EEE2891E43D8957 /* MediaRemoteAdapter in Embed Frameworks */ = {isa = PBXBuildFile; productRef = D6A7AB5384DD081F88A00374 /* MediaRemoteAdapter */; settings = {ATTRIBUTES = (CodeSignOnCopy, RemoveHeadersOnCopy, ); }; };
		7BEE2DF28EF5A73EDB7BA551 /* OnboardingFlowTests.swift in Sources */ = {isa = PBXBuildFile; fileRef = 4E50622410CCEEA5EC66C796 /* OnboardingFlowTests.swift */; };
		7E4D99F7223419D03FC89C5C /* NowPlayingMonitor.swift in Sources */ = {isa = PBXBuildFile; fileRef = 483917501E43A12ECCFB85A2 /* NowPlayingMonitor.swift */; };
		83ACBA698B65021287F454A4 /* DiagnosticReportTests.swift in Sources */ = {isa = PBXBuildFile; fileRef = A0EC5F0178A64AECEBD91C8C /* DiagnosticReportTests.swift */; };
		85C8C46347EB08A657DB3CEE /* BluetoothMonitor.swift in Sources */ = {isa = PBXBuildFile; fileRef = E3F2A9A634959D28CB05024E /* BluetoothMonitor.swift */; };
		873F50F44716655751E47E8B /* ShelfLogic.swift in Sources */ = {isa = PBXBuildFile; fileRef = 58372E319659DF8AA32F403D /* ShelfLogic.swift */; };
		880123373A38864B1A861C2C /* WeatherServiceTests.swift in Sources */ = {isa = PBXBuildFile; fileRef = C73B4C1FB5F1134D07D697B9 /* WeatherServiceTests.swift */; };
		8CEEBDB51AC0041BDC1306AC /* FullscreenDetector.swift in Sources */ = {isa = PBXBuildFile; fileRef = 885DB8C610716B7530D89BDB /* FullscreenDetector.swift */; };
		91F81FE03A457F64032081F8 /* NotchShape.swift in Sources */ = {isa = PBXBuildFile; fileRef = ECC50D5D14612F7A3B39F683 /* NotchShape.swift */; };
		921F5385399CF08B36043288 /* PowerActivity.swift in Sources */ = {isa = PBXBuildFile; fileRef = 76ADF16C067A181F295BA4C5 /* PowerActivity.swift */; };
		945E7037D8F44BB922D79D41 /* SignatureHeading.swift in Sources */ = {isa = PBXBuildFile; fileRef = FE9C66C68BBF764EDA77D7F4 /* SignatureHeading.swift */; };
		9470F8F6CC68D789DC5A7D9C /* CalendarService.swift in Sources */ = {isa = PBXBuildFile; fileRef = 1A7E1D30A74E9D358BA634B1 /* CalendarService.swift */; };
		988EA78CF8B7C8884036E157 /* OnboardingViewState.swift in Sources */ = {isa = PBXBuildFile; fileRef = FA62CE81F6539C4490617038 /* OnboardingViewState.swift */; };
		98F28BB61930892735C9F48A /* TrialManager.swift in Sources */ = {isa = PBXBuildFile; fileRef = 734F24D3CCE5D48060447B10 /* TrialManager.swift */; };
		9924445F8465340818CC6973 /* BatteryIndicator.swift in Sources */ = {isa = PBXBuildFile; fileRef = BEFCAF742543C37096D4F714 /* BatteryIndicator.swift */; };
		9D1FF157B4E789EF0A05245A /* TrialLogicTests.swift in Sources */ = {isa = PBXBuildFile; fileRef = 88743B92F1F6E038198A24A6 /* TrialLogicTests.swift */; };
		A1DEA7A96EC18DAD1D4DBE19 /* OnboardingFlow.swift in Sources */ = {isa = PBXBuildFile; fileRef = 4F61A24F6789742D7442ADF0 /* OnboardingFlow.swift */; };
		A532C893CA28FEBC8B8F87A8 /* NotchPanelTests.swift in Sources */ = {isa = PBXBuildFile; fileRef = 83B2D92BF83095959068F293 /* NotchPanelTests.swift */; };
		A5CBE92E220E6C6C2FC10FF1 /* Diagnostics.swift in Sources */ = {isa = PBXBuildFile; fileRef = B94FF8FB96D00B8442591E7B /* Diagnostics.swift */; };
		A70C3AA9A41D656BAE1A8B78 /* NowPlayingState.swift in Sources */ = {isa = PBXBuildFile; fileRef = 2CC68721BB7F3A268C3B0443 /* NowPlayingState.swift */; };
		A8AF3A084971A06380D41ECC /* ShelfItemView.swift in Sources */ = {isa = PBXBuildFile; fileRef = 70AD74D7431224B9ACA6F237 /* ShelfItemView.swift */; };
		AAA0B5B7D091A45913410641 /* DragDropSupport.swift in Sources */ = {isa = PBXBuildFile; fileRef = 63FACDF43375E1DE88646B05 /* DragDropSupport.swift */; };
		B2ADB08E18FABDBA8931EA42 /* FocusActivity.swift in Sources */ = {isa = PBXBuildFile; fileRef = BB884D12561F8F8110F1DB63 /* FocusActivity.swift */; };
		B5C45C53901AF3059620F219 /* CalendarGlanceTests.swift in Sources */ = {isa = PBXBuildFile; fileRef = 8390C339C18F49D6B8192D9E /* CalendarGlanceTests.swift */; };
		B8A5ADF13268775B31FBF78A /* NSScreen+Notch.swift in Sources */ = {isa = PBXBuildFile; fileRef = E72C119AE687341C28E9786C /* NSScreen+Notch.swift */; };
		B8DE8D9FDE9ABC0AA193D43C /* DragDropSupportTests.swift in Sources */ = {isa = PBXBuildFile; fileRef = 1A83ABC25D7E5E22093B2C6F /* DragDropSupportTests.swift */; };
		B994C996D0B11203E21C3E0C /* LicenseState.swift in Sources */ = {isa = PBXBuildFile; fileRef = EF2A4014879EF0DD23CA4CB0 /* LicenseState.swift */; };
		C0667FBB99D4EFB9F888FEE1 /* IslandResolver.swift in Sources */ = {isa = PBXBuildFile; fileRef = 8AECFB326AA1C46FECE017D0 /* IslandResolver.swift */; };
		C78CA158C085F216D8F78933 /* DisplayResolver.swift in Sources */ = {isa = PBXBuildFile; fileRef = FBCD3448A6E1D96014C31896 /* DisplayResolver.swift */; };
		CBFEA4D08C31BD0C3602E177 /* NotchInteractionState.swift in Sources */ = {isa = PBXBuildFile; fileRef = 9EE98C0240E35D702BEA0DBA /* NotchInteractionState.swift */; };
		CE9AE70D3DEB53014569F64D /* QuickActionSharingServiceTests.swift in Sources */ = {isa = PBXBuildFile; fileRef = 8823B706C17870EC45D0A98C /* QuickActionSharingServiceTests.swift */; };
		D29EBA9C26F56C26B9E49CDE /* ShelfCoordinatorTests.swift in Sources */ = {isa = PBXBuildFile; fileRef = 73675D5CB80DD6A2B9894C55 /* ShelfCoordinatorTests.swift */; };
		D727136A82D2AE9B72CFE626 /* Assets.xcassets in Resources */ = {isa = PBXBuildFile; fileRef = 46B181CF063D1999E055DD9B /* Assets.xcassets */; };
		DB506F16085ECD1612616899 /* EqualizerBarsTests.swift in Sources */ = {isa = PBXBuildFile; fileRef = 6D729262924ACC596A1FFF23 /* EqualizerBarsTests.swift */; };
		E80E54F355F9DD7F3895158E /* ShelfFileStore.swift in Sources */ = {isa = PBXBuildFile; fileRef = 353BC5A79583E82567AEE07F /* ShelfFileStore.swift */; };
		EA29DD5F3A34C0E54249CFD8 /* LiquidGlassShader.swift in Sources */ = {isa = PBXBuildFile; fileRef = A615165F39E760B6745AEAD1 /* LiquidGlassShader.swift */; };
		EB0A6293AAD242E76B254033 /* PowerSourceMonitor.swift in Sources */ = {isa = PBXBuildFile; fileRef = FDA6D11E5FD99E29B189B9CC /* PowerSourceMonitor.swift */; };
		EC1A653A9AB44CE5E1C4F146 /* WeatherService.swift in Sources */ = {isa = PBXBuildFile; fileRef = AEB2764F70C53D7D72B4AC4A /* WeatherService.swift */; };
		EC7657D874B7543FB31FE075 /* NotchGeometryTests.swift in Sources */ = {isa = PBXBuildFile; fileRef = 984325CC40BE13B07D21477D /* NotchGeometryTests.swift */; };
		ED164A7ABBDBD0E4CBE73605 /* LicenseService.swift in Sources */ = {isa = PBXBuildFile; fileRef = A1DF9B7E0816B6996D6DD363 /* LicenseService.swift */; };
		ED55476778AA2C021E6C456A /* NotchPillViewTests.swift in Sources */ = {isa = PBXBuildFile; fileRef = 988CD84C4B7A33F83F928BD1 /* NotchPillViewTests.swift */; };
		EE11FF65BB39DEC103B88192 /* SignatureHeadingTests.swift in Sources */ = {isa = PBXBuildFile; fileRef = 4173E274B50586B1A4D8B026 /* SignatureHeadingTests.swift */; };
		EECA01E637ADFB54CFAA54E3 /* LocationServiceTests.swift in Sources */ = {isa = PBXBuildFile; fileRef = 605C8A3B6F9015948DC073F0 /* LocationServiceTests.swift */; };
		F168E6273C7AF9808D244CCA /* ActivitySettings.swift in Sources */ = {isa = PBXBuildFile; fileRef = 15C1DF53311CEDA936A0B43D /* ActivitySettings.swift */; };
		F553863EC9FBAB880ED80376 /* IslandResolverTests.swift in Sources */ = {isa = PBXBuildFile; fileRef = 4A3063E01FF76A78398606DF /* IslandResolverTests.swift */; };
		F6629BA3134FAACBF505CCF5 /* ShelfViewState.swift in Sources */ = {isa = PBXBuildFile; fileRef = EAD06AEB3294BABCAE1B7990 /* ShelfViewState.swift */; };
		FBB85FBE9181449077C178CF /* DeviceActivity.swift in Sources */ = {isa = PBXBuildFile; fileRef = 28316551B58651959797184D /* DeviceActivity.swift */; };
		FD503D3A7D28F74B8D86C930 /* DisplayResolverTests.swift in Sources */ = {isa = PBXBuildFile; fileRef = 46BB1E7E03C2D400EF6EDBB5 /* DisplayResolverTests.swift */; };
		FDC3CFCDA54C0AD703BD2156 /* ShelfViewStateTests.swift in Sources */ = {isa = PBXBuildFile; fileRef = 51C0A7B42CF6115383E65C78 /* ShelfViewStateTests.swift */; };
		FFB8FF809780DAA08EC9B819 /* DeviceCoordinator.swift in Sources */ = {isa = PBXBuildFile; fileRef = E87941F5DC2AA7BA8674AB0C /* DeviceCoordinator.swift */; };
/* End PBXBuildFile section */

/* Begin PBXContainerItemProxy section */
		97E8017AD9939BFEDA6987A7 /* PBXContainerItemProxy */ = {
			isa = PBXContainerItemProxy;
			containerPortal = 8D26EA4585E3E2A0AF056E47 /* Project object */;
			proxyType = 1;
			remoteGlobalIDString = A1E37B5761C97A84D0C08985;
			remoteInfo = Islet;
		};
/* End PBXContainerItemProxy section */

/* Begin PBXCopyFilesBuildPhase section */
		E21BD8C4B2ECE3BCBFB7F2EE /* Embed Frameworks */ = {
			isa = PBXCopyFilesBuildPhase;
			buildActionMask = 2147483647;
			dstPath = "";
			dstSubfolderSpec = 10;
			files = (
				78E654D36EEE2891E43D8957 /* MediaRemoteAdapter in Embed Frameworks */,
			);
			name = "Embed Frameworks";
			runOnlyForDeploymentPostprocessing = 0;
		};
/* End PBXCopyFilesBuildPhase section */

/* Begin PBXFileReference section */
		09022AEB4178AE45BE2F65BE /* NowPlayingPresentation.swift */ = {isa = PBXFileReference; lastKnownFileType = sourcecode.swift; path = NowPlayingPresentation.swift; sourceTree = "<group>"; };
		0A6FA5F67CABA606F19ED731 /* DeviceCoordinatorTests.swift */ = {isa = PBXFileReference; lastKnownFileType = sourcecode.swift; path = DeviceCoordinatorTests.swift; sourceTree = "<group>"; };
		0B227C92D09FB6EAB081E62E /* LicenseStateTests.swift */ = {isa = PBXFileReference; lastKnownFileType = sourcecode.swift; path = LicenseStateTests.swift; sourceTree = "<group>"; };
		0C019020A88EE13E58DABA87 /* LaunchAtLogin.swift */ = {isa = PBXFileReference; lastKnownFileType = sourcecode.swift; path = LaunchAtLogin.swift; sourceTree = "<group>"; };
		0C997928190396DADC0ADA29 /* NotchWindowController.swift */ = {isa = PBXFileReference; lastKnownFileType = sourcecode.swift; path = NotchWindowController.swift; sourceTree = "<group>"; };
		0EEA35677CE1730669284423 /* IslandPresentationState.swift */ = {isa = PBXFileReference; lastKnownFileType = sourcecode.swift; path = IslandPresentationState.swift; sourceTree = "<group>"; };
		11EDAEA183BDB83B0E678C41 /* TrialManagerTests.swift */ = {isa = PBXFileReference; lastKnownFileType = sourcecode.swift; path = TrialManagerTests.swift; sourceTree = "<group>"; };
		143DD03B59EE64AE773112BD /* IsletApp.swift */ = {isa = PBXFileReference; lastKnownFileType = sourcecode.swift; path = IsletApp.swift; sourceTree = "<group>"; };
		15C1DF53311CEDA936A0B43D /* ActivitySettings.swift */ = {isa = PBXFileReference; lastKnownFileType = sourcecode.swift; path = ActivitySettings.swift; sourceTree = "<group>"; };
		1A7E1D30A74E9D358BA634B1 /* CalendarService.swift */ = {isa = PBXFileReference; lastKnownFileType = sourcecode.swift; path = CalendarService.swift; sourceTree = "<group>"; };
		1A83ABC25D7E5E22093B2C6F /* DragDropSupportTests.swift */ = {isa = PBXFileReference; lastKnownFileType = sourcecode.swift; path = DragDropSupportTests.swift; sourceTree = "<group>"; };
		1B3A21E53CD41A67CFDD818B /* NotchGeometry.swift */ = {isa = PBXFileReference; lastKnownFileType = sourcecode.swift; path = NotchGeometry.swift; sourceTree = "<group>"; };
		1B95E794C13DE3DAA7C2891B /* FocusActivityTests.swift */ = {isa = PBXFileReference; lastKnownFileType = sourcecode.swift; path = FocusActivityTests.swift; sourceTree = "<group>"; };
		1FC3046FCECB25B228688FF4 /* DancingScript-OFL.txt */ = {isa = PBXFileReference; lastKnownFileType = text; path = "DancingScript-OFL.txt"; sourceTree = "<group>"; };
		2151B8D097AF9D3098ED16D7 /* CGSSpace.swift */ = {isa = PBXFileReference; lastKnownFileType = sourcecode.swift; path = CGSSpace.swift; sourceTree = "<group>"; };
		25742CBF490BEC1233F661FD /* BasicOutfitState.swift */ = {isa = PBXFileReference; lastKnownFileType = sourcecode.swift; path = BasicOutfitState.swift; sourceTree = "<group>"; };
		279E3593C9C2B7DD25AF01BA /* ChargingActivityState.swift */ = {isa = PBXFileReference; lastKnownFileType = sourcecode.swift; path = ChargingActivityState.swift; sourceTree = "<group>"; };
		28316551B58651959797184D /* DeviceActivity.swift */ = {isa = PBXFileReference; lastKnownFileType = sourcecode.swift; path = DeviceActivity.swift; sourceTree = "<group>"; };
		2B5A2F6E4109A7EDAF7E5405 /* LiquidGlassShader.metal */ = {isa = PBXFileReference; lastKnownFileType = sourcecode.metal; path = LiquidGlassShader.metal; sourceTree = "<group>"; };
		2CC68721BB7F3A268C3B0443 /* NowPlayingState.swift */ = {isa = PBXFileReference; lastKnownFileType = sourcecode.swift; path = NowPlayingState.swift; sourceTree = "<group>"; };
		30839BA1A62ECDA5057B779C /* KeychainLicenseStore.swift */ = {isa = PBXFileReference; lastKnownFileType = sourcecode.swift; path = KeychainLicenseStore.swift; sourceTree = "<group>"; };
		31972FF1ED9E30425E37EE11 /* TrialLogic.swift */ = {isa = PBXFileReference; lastKnownFileType = sourcecode.swift; path = TrialLogic.swift; sourceTree = "<group>"; };
		353BC5A79583E82567AEE07F /* ShelfFileStore.swift */ = {isa = PBXFileReference; lastKnownFileType = sourcecode.swift; path = ShelfFileStore.swift; sourceTree = "<group>"; };
		3AA8943FF6A71F7546A800BD /* PolarLicenseService.swift */ = {isa = PBXFileReference; lastKnownFileType = sourcecode.swift; path = PolarLicenseService.swift; sourceTree = "<group>"; };
		406030D1395E35FB24681FE8 /* InteractionStateTests.swift */ = {isa = PBXFileReference; lastKnownFileType = sourcecode.swift; path = InteractionStateTests.swift; sourceTree = "<group>"; };
		4173E274B50586B1A4D8B026 /* SignatureHeadingTests.swift */ = {isa = PBXFileReference; lastKnownFileType = sourcecode.swift; path = SignatureHeadingTests.swift; sourceTree = "<group>"; };
		43F635228C4261E9EECEC41F /* NotchShapeTests.swift */ = {isa = PBXFileReference; lastKnownFileType = sourcecode.swift; path = NotchShapeTests.swift; sourceTree = "<group>"; };
		46B181CF063D1999E055DD9B /* Assets.xcassets */ = {isa = PBXFileReference; lastKnownFileType = folder.assetcatalog; path = Assets.xcassets; sourceTree = "<group>"; };
		46BB1E7E03C2D400EF6EDBB5 /* DisplayResolverTests.swift */ = {isa = PBXFileReference; lastKnownFileType = sourcecode.swift; path = DisplayResolverTests.swift; sourceTree = "<group>"; };
		471EC72A07A658DCBFCDDB38 /* LicenseServiceTests.swift */ = {isa = PBXFileReference; lastKnownFileType = sourcecode.swift; path = LicenseServiceTests.swift; sourceTree = "<group>"; };
		483917501E43A12ECCFB85A2 /* NowPlayingMonitor.swift */ = {isa = PBXFileReference; lastKnownFileType = sourcecode.swift; path = NowPlayingMonitor.swift; sourceTree = "<group>"; };
		4A3063E01FF76A78398606DF /* IslandResolverTests.swift */ = {isa = PBXFileReference; lastKnownFileType = sourcecode.swift; path = IslandResolverTests.swift; sourceTree = "<group>"; };
		4B5E4C8D0F079A94374A2D7C /* NotchPanel.swift */ = {isa = PBXFileReference; lastKnownFileType = sourcecode.swift; path = NotchPanel.swift; sourceTree = "<group>"; };
		4E50622410CCEEA5EC66C796 /* OnboardingFlowTests.swift */ = {isa = PBXFileReference; lastKnownFileType = sourcecode.swift; path = OnboardingFlowTests.swift; sourceTree = "<group>"; };
		4F61A24F6789742D7442ADF0 /* OnboardingFlow.swift */ = {isa = PBXFileReference; lastKnownFileType = sourcecode.swift; path = OnboardingFlow.swift; sourceTree = "<group>"; };
		503CB4F6C3E444AEF826DDB3 /* IsletTests.xctest */ = {isa = PBXFileReference; explicitFileType = wrapper.cfbundle; includeInIndex = 0; path = IsletTests.xctest; sourceTree = BUILT_PRODUCTS_DIR; };
		518F37B1B7F2553405CF0926 /* ShelfCoordinator.swift */ = {isa = PBXFileReference; lastKnownFileType = sourcecode.swift; path = ShelfCoordinator.swift; sourceTree = "<group>"; };
		51C0A7B42CF6115383E65C78 /* ShelfViewStateTests.swift */ = {isa = PBXFileReference; lastKnownFileType = sourcecode.swift; path = ShelfViewStateTests.swift; sourceTree = "<group>"; };
		5224A9D0D55A9C335559EDBB /* LicenseManagerTests.swift */ = {isa = PBXFileReference; lastKnownFileType = sourcecode.swift; path = LicenseManagerTests.swift; sourceTree = "<group>"; };
		5639E162109F97C9FE173C50 /* PolarLicenseServiceTests.swift */ = {isa = PBXFileReference; lastKnownFileType = sourcecode.swift; path = PolarLicenseServiceTests.swift; sourceTree = "<group>"; };
		58372E319659DF8AA32F403D /* ShelfLogic.swift */ = {isa = PBXFileReference; lastKnownFileType = sourcecode.swift; path = ShelfLogic.swift; sourceTree = "<group>"; };
		5D869CDF80317230429414E1 /* PowerActivityTests.swift */ = {isa = PBXFileReference; lastKnownFileType = sourcecode.swift; path = PowerActivityTests.swift; sourceTree = "<group>"; };
		5F13DD9E9F8F782EEAE48FC2 /* Islet.entitlements */ = {isa = PBXFileReference; lastKnownFileType = text.plist.entitlements; path = Islet.entitlements; sourceTree = "<group>"; };
		5FD7011AF8E607471C7F73FB /* ViewSwitcherState.swift */ = {isa = PBXFileReference; lastKnownFileType = sourcecode.swift; path = ViewSwitcherState.swift; sourceTree = "<group>"; };
		605C8A3B6F9015948DC073F0 /* LocationServiceTests.swift */ = {isa = PBXFileReference; lastKnownFileType = sourcecode.swift; path = LocationServiceTests.swift; sourceTree = "<group>"; };
		63FACDF43375E1DE88646B05 /* DragDropSupport.swift */ = {isa = PBXFileReference; lastKnownFileType = sourcecode.swift; path = DragDropSupport.swift; sourceTree = "<group>"; };
		65127041FDE5365C865095B1 /* NotchPillView.swift */ = {isa = PBXFileReference; lastKnownFileType = sourcecode.swift; path = NotchPillView.swift; sourceTree = "<group>"; };
		6D729262924ACC596A1FFF23 /* EqualizerBarsTests.swift */ = {isa = PBXFileReference; lastKnownFileType = sourcecode.swift; path = EqualizerBarsTests.swift; sourceTree = "<group>"; };
		6DC5BB9CB3A249FF6341FA77 /* ActivityCoordinator.swift */ = {isa = PBXFileReference; lastKnownFileType = sourcecode.swift; path = ActivityCoordinator.swift; sourceTree = "<group>"; };
		70AD74D7431224B9ACA6F237 /* ShelfItemView.swift */ = {isa = PBXFileReference; lastKnownFileType = sourcecode.swift; path = ShelfItemView.swift; sourceTree = "<group>"; };
		71E7CA0C877A120B3717E0E4 /* FullscreenSpaceProbe.swift */ = {isa = PBXFileReference; lastKnownFileType = sourcecode.swift; path = FullscreenSpaceProbe.swift; sourceTree = "<group>"; };
		734F24D3CCE5D48060447B10 /* TrialManager.swift */ = {isa = PBXFileReference; lastKnownFileType = sourcecode.swift; path = TrialManager.swift; sourceTree = "<group>"; };
		73675D5CB80DD6A2B9894C55 /* ShelfCoordinatorTests.swift */ = {isa = PBXFileReference; lastKnownFileType = sourcecode.swift; path = ShelfCoordinatorTests.swift; sourceTree = "<group>"; };
		76ADF16C067A181F295BA4C5 /* PowerActivity.swift */ = {isa = PBXFileReference; lastKnownFileType = sourcecode.swift; path = PowerActivity.swift; sourceTree = "<group>"; };
		77325EA9B3F5E810D4ED70AC /* VisibilityDecisionTests.swift */ = {isa = PBXFileReference; lastKnownFileType = sourcecode.swift; path = VisibilityDecisionTests.swift; sourceTree = "<group>"; };
		7D373EEE76BE733AFEDD28FD /* CalendarViewState.swift */ = {isa = PBXFileReference; lastKnownFileType = sourcecode.swift; path = CalendarViewState.swift; sourceTree = "<group>"; };
		8390C339C18F49D6B8192D9E /* CalendarGlanceTests.swift */ = {isa = PBXFileReference; lastKnownFileType = sourcecode.swift; path = CalendarGlanceTests.swift; sourceTree = "<group>"; };
		83B2D92BF83095959068F293 /* NotchPanelTests.swift */ = {isa = PBXFileReference; lastKnownFileType = sourcecode.swift; path = NotchPanelTests.swift; sourceTree = "<group>"; };
		858D32BF5C426DA996EF8187 /* ShelfFileStoreTests.swift */ = {isa = PBXFileReference; lastKnownFileType = sourcecode.swift; path = ShelfFileStoreTests.swift; sourceTree = "<group>"; };
		8823B706C17870EC45D0A98C /* QuickActionSharingServiceTests.swift */ = {isa = PBXFileReference; lastKnownFileType = sourcecode.swift; path = QuickActionSharingServiceTests.swift; sourceTree = "<group>"; };
		885DB8C610716B7530D89BDB /* FullscreenDetector.swift */ = {isa = PBXFileReference; lastKnownFileType = sourcecode.swift; path = FullscreenDetector.swift; sourceTree = "<group>"; };
		88743B92F1F6E038198A24A6 /* TrialLogicTests.swift */ = {isa = PBXFileReference; lastKnownFileType = sourcecode.swift; path = TrialLogicTests.swift; sourceTree = "<group>"; };
		8AECFB326AA1C46FECE017D0 /* IslandResolver.swift */ = {isa = PBXFileReference; lastKnownFileType = sourcecode.swift; path = IslandResolver.swift; sourceTree = "<group>"; };
		984325CC40BE13B07D21477D /* NotchGeometryTests.swift */ = {isa = PBXFileReference; lastKnownFileType = sourcecode.swift; path = NotchGeometryTests.swift; sourceTree = "<group>"; };
		988CD84C4B7A33F83F928BD1 /* NotchPillViewTests.swift */ = {isa = PBXFileReference; lastKnownFileType = sourcecode.swift; path = NotchPillViewTests.swift; sourceTree = "<group>"; };
		99C074399453E7F8439A9CD2 /* SettingsView.swift */ = {isa = PBXFileReference; lastKnownFileType = sourcecode.swift; path = SettingsView.swift; sourceTree = "<group>"; };
		9CB460DC51BC6612D0A4A134 /* ShelfLogicTests.swift */ = {isa = PBXFileReference; lastKnownFileType = sourcecode.swift; path = ShelfLogicTests.swift; sourceTree = "<group>"; };
		9CE81E9432BCF90C884078EA /* Islet.app */ = {isa = PBXFileReference; explicitFileType = wrapper.application; includeInIndex = 0; path = Islet.app; sourceTree = BUILT_PRODUCTS_DIR; };
		9EE98C0240E35D702BEA0DBA /* NotchInteractionState.swift */ = {isa = PBXFileReference; lastKnownFileType = sourcecode.swift; path = NotchInteractionState.swift; sourceTree = "<group>"; };
		A0EC5F0178A64AECEBD91C8C /* DiagnosticReportTests.swift */ = {isa = PBXFileReference; lastKnownFileType = sourcecode.swift; path = DiagnosticReportTests.swift; sourceTree = "<group>"; };
		A1DF9B7E0816B6996D6DD363 /* LicenseService.swift */ = {isa = PBXFileReference; lastKnownFileType = sourcecode.swift; path = LicenseService.swift; sourceTree = "<group>"; };
		A615165F39E760B6745AEAD1 /* LiquidGlassShader.swift */ = {isa = PBXFileReference; lastKnownFileType = sourcecode.swift; path = LiquidGlassShader.swift; sourceTree = "<group>"; };
		AEB2764F70C53D7D72B4AC4A /* WeatherService.swift */ = {isa = PBXFileReference; lastKnownFileType = sourcecode.swift; path = WeatherService.swift; sourceTree = "<group>"; };
		AEB2B7145BD887A3866F1B1D /* DeviceActivityTests.swift */ = {isa = PBXFileReference; lastKnownFileType = sourcecode.swift; path = DeviceActivityTests.swift; sourceTree = "<group>"; };
		B94FF8FB96D00B8442591E7B /* Diagnostics.swift */ = {isa = PBXFileReference; lastKnownFileType = sourcecode.swift; path = Diagnostics.swift; sourceTree = "<group>"; };
		BB884D12561F8F8110F1DB63 /* FocusActivity.swift */ = {isa = PBXFileReference; lastKnownFileType = sourcecode.swift; path = FocusActivity.swift; sourceTree = "<group>"; };
		BD8C607878B62D262514A41D /* QuickActionSharingService.swift */ = {isa = PBXFileReference; lastKnownFileType = sourcecode.swift; path = QuickActionSharingService.swift; sourceTree = "<group>"; };
		BEFCAF742543C37096D4F714 /* BatteryIndicator.swift */ = {isa = PBXFileReference; lastKnownFileType = sourcecode.swift; path = BatteryIndicator.swift; sourceTree = "<group>"; };
		C2E70A8667DE9528FD2F0CFB /* LocationProvider.swift */ = {isa = PBXFileReference; lastKnownFileType = sourcecode.swift; path = LocationProvider.swift; sourceTree = "<group>"; };
		C54DE6734ABC75FD146F9FCF /* ActivitySettingsTests.swift */ = {isa = PBXFileReference; lastKnownFileType = sourcecode.swift; path = ActivitySettingsTests.swift; sourceTree = "<group>"; };
		C73B4C1FB5F1134D07D697B9 /* WeatherServiceTests.swift */ = {isa = PBXFileReference; lastKnownFileType = sourcecode.swift; path = WeatherServiceTests.swift; sourceTree = "<group>"; };
		C75C7435C3C840FC929C873C /* DropInterceptTap.swift */ = {isa = PBXFileReference; lastKnownFileType = sourcecode.swift; path = DropInterceptTap.swift; sourceTree = "<group>"; };
		D2B811CCD53A0E77D86C48E5 /* WeatherCategory.swift */ = {isa = PBXFileReference; lastKnownFileType = sourcecode.swift; path = WeatherCategory.swift; sourceTree = "<group>"; };
		D2C09F7CB439DBC707F7E095 /* ShelfItem.swift */ = {isa = PBXFileReference; lastKnownFileType = sourcecode.swift; path = ShelfItem.swift; sourceTree = "<group>"; };
		E369D2ED7D49953AD66A560B /* FullscreenDetectorTests.swift */ = {isa = PBXFileReference; lastKnownFileType = sourcecode.swift; path = FullscreenDetectorTests.swift; sourceTree = "<group>"; };
		E3F2A9A634959D28CB05024E /* BluetoothMonitor.swift */ = {isa = PBXFileReference; lastKnownFileType = sourcecode.swift; path = BluetoothMonitor.swift; sourceTree = "<group>"; };
		E47DF64E0B34AEF713CAB91D /* DancingScript-Variable.ttf */ = {isa = PBXFileReference; lastKnownFileType = file; path = "DancingScript-Variable.ttf"; sourceTree = "<group>"; };
		E725CBBC2A72FD37F720710D /* NowPlayingPresentationTests.swift */ = {isa = PBXFileReference; lastKnownFileType = sourcecode.swift; path = NowPlayingPresentationTests.swift; sourceTree = "<group>"; };
		E72C119AE687341C28E9786C /* NSScreen+Notch.swift */ = {isa = PBXFileReference; lastKnownFileType = sourcecode.swift; path = "NSScreen+Notch.swift"; sourceTree = "<group>"; };
		E87941F5DC2AA7BA8674AB0C /* DeviceCoordinator.swift */ = {isa = PBXFileReference; lastKnownFileType = sourcecode.swift; path = DeviceCoordinator.swift; sourceTree = "<group>"; };
		EAD06AEB3294BABCAE1B7990 /* ShelfViewState.swift */ = {isa = PBXFileReference; lastKnownFileType = sourcecode.swift; path = ShelfViewState.swift; sourceTree = "<group>"; };
		ECC50D5D14612F7A3B39F683 /* NotchShape.swift */ = {isa = PBXFileReference; lastKnownFileType = sourcecode.swift; path = NotchShape.swift; sourceTree = "<group>"; };
		ECDB797EE481836D5DD878FD /* CalendarGlance.swift */ = {isa = PBXFileReference; lastKnownFileType = sourcecode.swift; path = CalendarGlance.swift; sourceTree = "<group>"; };
		ED0AECE18823EB0442DA5464 /* DragApproachGeometryTests.swift */ = {isa = PBXFileReference; lastKnownFileType = sourcecode.swift; path = DragApproachGeometryTests.swift; sourceTree = "<group>"; };
		EF2A4014879EF0DD23CA4CB0 /* LicenseState.swift */ = {isa = PBXFileReference; lastKnownFileType = sourcecode.swift; path = LicenseState.swift; sourceTree = "<group>"; };
		F96A960BD3E29AEB11627FD5 /* AppDelegate.swift */ = {isa = PBXFileReference; lastKnownFileType = sourcecode.swift; path = AppDelegate.swift; sourceTree = "<group>"; };
		FA62CE81F6539C4490617038 /* OnboardingViewState.swift */ = {isa = PBXFileReference; lastKnownFileType = sourcecode.swift; path = OnboardingViewState.swift; sourceTree = "<group>"; };
		FBCD3448A6E1D96014C31896 /* DisplayResolver.swift */ = {isa = PBXFileReference; lastKnownFileType = sourcecode.swift; path = DisplayResolver.swift; sourceTree = "<group>"; };
		FCB0C1FFC49C8A8CE3E74509 /* WeatherCategoryTests.swift */ = {isa = PBXFileReference; lastKnownFileType = sourcecode.swift; path = WeatherCategoryTests.swift; sourceTree = "<group>"; };
		FDA6D11E5FD99E29B189B9CC /* PowerSourceMonitor.swift */ = {isa = PBXFileReference; lastKnownFileType = sourcecode.swift; path = PowerSourceMonitor.swift; sourceTree = "<group>"; };
		FE9C66C68BBF764EDA77D7F4 /* SignatureHeading.swift */ = {isa = PBXFileReference; lastKnownFileType = sourcecode.swift; path = SignatureHeading.swift; sourceTree = "<group>"; };
/* End PBXFileReference section */

/* Begin PBXFrameworksBuildPhase section */
		2B4E2E7EC8F67970757B6F45 /* Frameworks */ = {
			isa = PBXFrameworksBuildPhase;
			buildActionMask = 2147483647;
			files = (
				34071739EA3C6FAD089AEA67 /* MediaRemoteAdapter in Frameworks */,
			);
			runOnlyForDeploymentPostprocessing = 0;
		};
/* End PBXFrameworksBuildPhase section */

/* Begin PBXGroup section */
		116E2C7AAD069A31898510D4 /* Licensing */ = {
			isa = PBXGroup;
			children = (
				30839BA1A62ECDA5057B779C /* KeychainLicenseStore.swift */,
				A1DF9B7E0816B6996D6DD363 /* LicenseService.swift */,
				EF2A4014879EF0DD23CA4CB0 /* LicenseState.swift */,
				3AA8943FF6A71F7546A800BD /* PolarLicenseService.swift */,
				31972FF1ED9E30425E37EE11 /* TrialLogic.swift */,
				734F24D3CCE5D48060447B10 /* TrialManager.swift */,
			);
			path = Licensing;
			sourceTree = "<group>";
		};
		2A6EFEBFBF547E6277E6C69F /* IsletTests */ = {
			isa = PBXGroup;
			children = (
				C54DE6734ABC75FD146F9FCF /* ActivitySettingsTests.swift */,
				8390C339C18F49D6B8192D9E /* CalendarGlanceTests.swift */,
				AEB2B7145BD887A3866F1B1D /* DeviceActivityTests.swift */,
				0A6FA5F67CABA606F19ED731 /* DeviceCoordinatorTests.swift */,
				A0EC5F0178A64AECEBD91C8C /* DiagnosticReportTests.swift */,
				46BB1E7E03C2D400EF6EDBB5 /* DisplayResolverTests.swift */,
				ED0AECE18823EB0442DA5464 /* DragApproachGeometryTests.swift */,
				1A83ABC25D7E5E22093B2C6F /* DragDropSupportTests.swift */,
				6D729262924ACC596A1FFF23 /* EqualizerBarsTests.swift */,
				1B95E794C13DE3DAA7C2891B /* FocusActivityTests.swift */,
				E369D2ED7D49953AD66A560B /* FullscreenDetectorTests.swift */,
				406030D1395E35FB24681FE8 /* InteractionStateTests.swift */,
				4A3063E01FF76A78398606DF /* IslandResolverTests.swift */,
				5224A9D0D55A9C335559EDBB /* LicenseManagerTests.swift */,
				471EC72A07A658DCBFCDDB38 /* LicenseServiceTests.swift */,
				0B227C92D09FB6EAB081E62E /* LicenseStateTests.swift */,
				605C8A3B6F9015948DC073F0 /* LocationServiceTests.swift */,
				984325CC40BE13B07D21477D /* NotchGeometryTests.swift */,
				83B2D92BF83095959068F293 /* NotchPanelTests.swift */,
				988CD84C4B7A33F83F928BD1 /* NotchPillViewTests.swift */,
				43F635228C4261E9EECEC41F /* NotchShapeTests.swift */,
				E725CBBC2A72FD37F720710D /* NowPlayingPresentationTests.swift */,
				4E50622410CCEEA5EC66C796 /* OnboardingFlowTests.swift */,
				5639E162109F97C9FE173C50 /* PolarLicenseServiceTests.swift */,
				5D869CDF80317230429414E1 /* PowerActivityTests.swift */,
				8823B706C17870EC45D0A98C /* QuickActionSharingServiceTests.swift */,
				73675D5CB80DD6A2B9894C55 /* ShelfCoordinatorTests.swift */,
				858D32BF5C426DA996EF8187 /* ShelfFileStoreTests.swift */,
				9CB460DC51BC6612D0A4A134 /* ShelfLogicTests.swift */,
				51C0A7B42CF6115383E65C78 /* ShelfViewStateTests.swift */,
				4173E274B50586B1A4D8B026 /* SignatureHeadingTests.swift */,
				88743B92F1F6E038198A24A6 /* TrialLogicTests.swift */,
				11EDAEA183BDB83B0E678C41 /* TrialManagerTests.swift */,
				77325EA9B3F5E810D4ED70AC /* VisibilityDecisionTests.swift */,
				FCB0C1FFC49C8A8CE3E74509 /* WeatherCategoryTests.swift */,
				C73B4C1FB5F1134D07D697B9 /* WeatherServiceTests.swift */,
			);
			path = IsletTests;
			sourceTree = "<group>";
		};
		3722669587CFCD9D7F6F173F /* Fonts */ = {
			isa = PBXGroup;
			children = (
				1FC3046FCECB25B228688FF4 /* DancingScript-OFL.txt */,
				E47DF64E0B34AEF713CAB91D /* DancingScript-Variable.ttf */,
			);
			path = Fonts;
			sourceTree = "<group>";
		};
		65976AA4F5A5716CE1AFDD72 /* Location */ = {
			isa = PBXGroup;
			children = (
				C2E70A8667DE9528FD2F0CFB /* LocationProvider.swift */,
			);
			path = Location;
			sourceTree = "<group>";
		};
		705C78455F48511C2AE9B331 /* Calendar */ = {
			isa = PBXGroup;
			children = (
				ECDB797EE481836D5DD878FD /* CalendarGlance.swift */,
				1A7E1D30A74E9D358BA634B1 /* CalendarService.swift */,
				7D373EEE76BE733AFEDD28FD /* CalendarViewState.swift */,
			);
			path = Calendar;
			sourceTree = "<group>";
		};
		887CF6BBB34ACF144B73EC29 /* Islet */ = {
			isa = PBXGroup;
			children = (
				15C1DF53311CEDA936A0B43D /* ActivitySettings.swift */,
				F96A960BD3E29AEB11627FD5 /* AppDelegate.swift */,
				46B181CF063D1999E055DD9B /* Assets.xcassets */,
				B94FF8FB96D00B8442591E7B /* Diagnostics.swift */,
				5F13DD9E9F8F782EEAE48FC2 /* Islet.entitlements */,
				143DD03B59EE64AE773112BD /* IsletApp.swift */,
				0C019020A88EE13E58DABA87 /* LaunchAtLogin.swift */,
				99C074399453E7F8439A9CD2 /* SettingsView.swift */,
				705C78455F48511C2AE9B331 /* Calendar */,
				3722669587CFCD9D7F6F173F /* Fonts */,
				116E2C7AAD069A31898510D4 /* Licensing */,
				65976AA4F5A5716CE1AFDD72 /* Location */,
				EA504E63C5387A70CEC3745D /* Notch */,
				9F054A8B62BEC32777E8924F /* Shelf */,
				D2CCABABE243826FAB2589E1 /* Weather */,
			);
			path = Islet;
			sourceTree = "<group>";
		};
		9F054A8B62BEC32777E8924F /* Shelf */ = {
			isa = PBXGroup;
			children = (
				518F37B1B7F2553405CF0926 /* ShelfCoordinator.swift */,
				353BC5A79583E82567AEE07F /* ShelfFileStore.swift */,
				D2C09F7CB439DBC707F7E095 /* ShelfItem.swift */,
				58372E319659DF8AA32F403D /* ShelfLogic.swift */,
				EAD06AEB3294BABCAE1B7990 /* ShelfViewState.swift */,
			);
			path = Shelf;
			sourceTree = "<group>";
		};
		C177373778F579B56E86969A /* Products */ = {
			isa = PBXGroup;
			children = (
				9CE81E9432BCF90C884078EA /* Islet.app */,
				503CB4F6C3E444AEF826DDB3 /* IsletTests.xctest */,
			);
			name = Products;
			sourceTree = "<group>";
		};
		CD5CDA7B0E3E84CD742CC3BA = {
			isa = PBXGroup;
			children = (
				887CF6BBB34ACF144B73EC29 /* Islet */,
				2A6EFEBFBF547E6277E6C69F /* IsletTests */,
				C177373778F579B56E86969A /* Products */,
			);
			sourceTree = "<group>";
		};
		D2CCABABE243826FAB2589E1 /* Weather */ = {
			isa = PBXGroup;
			children = (
				D2B811CCD53A0E77D86C48E5 /* WeatherCategory.swift */,
				AEB2764F70C53D7D72B4AC4A /* WeatherService.swift */,
			);
			path = Weather;
			sourceTree = "<group>";
		};
		EA504E63C5387A70CEC3745D /* Notch */ = {
			isa = PBXGroup;
			children = (
				6DC5BB9CB3A249FF6341FA77 /* ActivityCoordinator.swift */,
				25742CBF490BEC1233F661FD /* BasicOutfitState.swift */,
				BEFCAF742543C37096D4F714 /* BatteryIndicator.swift */,
				E3F2A9A634959D28CB05024E /* BluetoothMonitor.swift */,
				2151B8D097AF9D3098ED16D7 /* CGSSpace.swift */,
				279E3593C9C2B7DD25AF01BA /* ChargingActivityState.swift */,
				28316551B58651959797184D /* DeviceActivity.swift */,
				E87941F5DC2AA7BA8674AB0C /* DeviceCoordinator.swift */,
				FBCD3448A6E1D96014C31896 /* DisplayResolver.swift */,
				63FACDF43375E1DE88646B05 /* DragDropSupport.swift */,
				C75C7435C3C840FC929C873C /* DropInterceptTap.swift */,
				BB884D12561F8F8110F1DB63 /* FocusActivity.swift */,
				885DB8C610716B7530D89BDB /* FullscreenDetector.swift */,
				71E7CA0C877A120B3717E0E4 /* FullscreenSpaceProbe.swift */,
				0EEA35677CE1730669284423 /* IslandPresentationState.swift */,
				8AECFB326AA1C46FECE017D0 /* IslandResolver.swift */,
				2B5A2F6E4109A7EDAF7E5405 /* LiquidGlassShader.metal */,
				A615165F39E760B6745AEAD1 /* LiquidGlassShader.swift */,
				1B3A21E53CD41A67CFDD818B /* NotchGeometry.swift */,
				9EE98C0240E35D702BEA0DBA /* NotchInteractionState.swift */,
				4B5E4C8D0F079A94374A2D7C /* NotchPanel.swift */,
				65127041FDE5365C865095B1 /* NotchPillView.swift */,
				ECC50D5D14612F7A3B39F683 /* NotchShape.swift */,
				0C997928190396DADC0ADA29 /* NotchWindowController.swift */,
				483917501E43A12ECCFB85A2 /* NowPlayingMonitor.swift */,
				09022AEB4178AE45BE2F65BE /* NowPlayingPresentation.swift */,
				2CC68721BB7F3A268C3B0443 /* NowPlayingState.swift */,
				E72C119AE687341C28E9786C /* NSScreen+Notch.swift */,
				4F61A24F6789742D7442ADF0 /* OnboardingFlow.swift */,
				FA62CE81F6539C4490617038 /* OnboardingViewState.swift */,
				76ADF16C067A181F295BA4C5 /* PowerActivity.swift */,
				FDA6D11E5FD99E29B189B9CC /* PowerSourceMonitor.swift */,
				BD8C607878B62D262514A41D /* QuickActionSharingService.swift */,
				70AD74D7431224B9ACA6F237 /* ShelfItemView.swift */,
				FE9C66C68BBF764EDA77D7F4 /* SignatureHeading.swift */,
				5FD7011AF8E607471C7F73FB /* ViewSwitcherState.swift */,
			);
			path = Notch;
			sourceTree = "<group>";
		};
/* End PBXGroup section */

/* Begin PBXNativeTarget section */
		A1E37B5761C97A84D0C08985 /* Islet */ = {
			isa = PBXNativeTarget;
			buildConfigurationList = 381E4B6B537864FE6387E85B /* Build configuration list for PBXNativeTarget "Islet" */;
			buildPhases = (
				990BC17A77347B07C89113AB /* Sources */,
				449F05D2898C80051C5AEFB8 /* Resources */,
				2B4E2E7EC8F67970757B6F45 /* Frameworks */,
				E21BD8C4B2ECE3BCBFB7F2EE /* Embed Frameworks */,
			);
			buildRules = (
			);
			dependencies = (
			);
			name = Islet;
			packageProductDependencies = (
				D6A7AB5384DD081F88A00374 /* MediaRemoteAdapter */,
			);
			productName = Islet;
			productReference = 9CE81E9432BCF90C884078EA /* Islet.app */;
			productType = "com.apple.product-type.application";
		};
		C01E8954EF80BB42EE9F46CE /* IsletTests */ = {
			isa = PBXNativeTarget;
			buildConfigurationList = 1613E481DA5052E2183537BF /* Build configuration list for PBXNativeTarget "IsletTests" */;
			buildPhases = (
				E264CB91B06C71778999BCBB /* Sources */,
			);
			buildRules = (
			);
			dependencies = (
				F82D379B472EAD98E3B3A03E /* PBXTargetDependency */,
			);
			name = IsletTests;
			packageProductDependencies = (
			);
			productName = IsletTests;
			productReference = 503CB4F6C3E444AEF826DDB3 /* IsletTests.xctest */;
			productType = "com.apple.product-type.bundle.unit-test";
		};
/* End PBXNativeTarget section */

/* Begin PBXProject section */
		8D26EA4585E3E2A0AF056E47 /* Project object */ = {
			isa = PBXProject;
			attributes = {
				BuildIndependentTargetsInParallel = YES;
				LastUpgradeCheck = 1430;
				TargetAttributes = {
					A1E37B5761C97A84D0C08985 = {
						DevelopmentTeam = R7AGU84UX7;
						ProvisioningStyle = Automatic;
					};
					C01E8954EF80BB42EE9F46CE = {
						DevelopmentTeam = R7AGU84UX7;
						ProvisioningStyle = Automatic;
					};
				};
			};
			buildConfigurationList = 779A1F3A63125DBE409150FD /* Build configuration list for PBXProject "Islet" */;
			developmentRegion = en;
			hasScannedForEncodings = 0;
			knownRegions = (
				Base,
				en,
			);
			mainGroup = CD5CDA7B0E3E84CD742CC3BA;
			minimizedProjectReferenceProxies = 1;
			packageReferences = (
				8DD604879E4D768C7539449C /* XCRemoteSwiftPackageReference "mediaremote-adapter" */,
			);
			preferredProjectObjectVersion = 77;
			productRefGroup = C177373778F579B56E86969A /* Products */;
			projectDirPath = "";
			projectRoot = "";
			targets = (
				A1E37B5761C97A84D0C08985 /* Islet */,
				C01E8954EF80BB42EE9F46CE /* IsletTests */,
			);
		};
/* End PBXProject section */

/* Begin PBXResourcesBuildPhase section */
		449F05D2898C80051C5AEFB8 /* Resources */ = {
			isa = PBXResourcesBuildPhase;
			buildActionMask = 2147483647;
			files = (
				D727136A82D2AE9B72CFE626 /* Assets.xcassets in Resources */,
				3144E8E6A58EE93C8C34C163 /* DancingScript-OFL.txt in Resources */,
				1BA8891F7920EC9DD6F9E2B2 /* DancingScript-Variable.ttf in Resources */,
			);
			runOnlyForDeploymentPostprocessing = 0;
		};
/* End PBXResourcesBuildPhase section */

/* Begin PBXSourcesBuildPhase section */
		990BC17A77347B07C89113AB /* Sources */ = {
			isa = PBXSourcesBuildPhase;
			buildActionMask = 2147483647;
			files = (
				774A2C14E09EB8BE82006A9B /* ActivityCoordinator.swift in Sources */,
				F168E6273C7AF9808D244CCA /* ActivitySettings.swift in Sources */,
				2FAC3D6023B82B021A7B24AE /* AppDelegate.swift in Sources */,
				730C2D90EDBDA9578FFD3D07 /* BasicOutfitState.swift in Sources */,
				9924445F8465340818CC6973 /* BatteryIndicator.swift in Sources */,
				85C8C46347EB08A657DB3CEE /* BluetoothMonitor.swift in Sources */,
				6DA98B2B2107409BB8BD64FE /* CGSSpace.swift in Sources */,
				56BC6DBE6E5F1E2B6F485BE0 /* CalendarGlance.swift in Sources */,
				9470F8F6CC68D789DC5A7D9C /* CalendarService.swift in Sources */,
				5E2A0DEF48DA471FE9426F9A /* CalendarViewState.swift in Sources */,
				62EB1AC3385E6D87A18F3852 /* ChargingActivityState.swift in Sources */,
				FBB85FBE9181449077C178CF /* DeviceActivity.swift in Sources */,
				FFB8FF809780DAA08EC9B819 /* DeviceCoordinator.swift in Sources */,
				A5CBE92E220E6C6C2FC10FF1 /* Diagnostics.swift in Sources */,
				C78CA158C085F216D8F78933 /* DisplayResolver.swift in Sources */,
				AAA0B5B7D091A45913410641 /* DragDropSupport.swift in Sources */,
				73CE033423AF42901EED96D5 /* DropInterceptTap.swift in Sources */,
				B2ADB08E18FABDBA8931EA42 /* FocusActivity.swift in Sources */,
				8CEEBDB51AC0041BDC1306AC /* FullscreenDetector.swift in Sources */,
				6E7588C0E74ED25E45E3F1AE /* FullscreenSpaceProbe.swift in Sources */,
				1C34C1BD974D50396F6713F0 /* IslandPresentationState.swift in Sources */,
				C0667FBB99D4EFB9F888FEE1 /* IslandResolver.swift in Sources */,
				01168B5EC7AF98EE1ADA34D8 /* IsletApp.swift in Sources */,
				6760B75E8CA5DA979BB43486 /* KeychainLicenseStore.swift in Sources */,
				1D57D6ADAD469EE733EC18AA /* LaunchAtLogin.swift in Sources */,
				ED164A7ABBDBD0E4CBE73605 /* LicenseService.swift in Sources */,
				B994C996D0B11203E21C3E0C /* LicenseState.swift in Sources */,
				3A648BCBD12C7B890B70A229 /* LiquidGlassShader.metal in Sources */,
				EA29DD5F3A34C0E54249CFD8 /* LiquidGlassShader.swift in Sources */,
				59A9F1A6B642331EFB7EBE26 /* LocationProvider.swift in Sources */,
				B8A5ADF13268775B31FBF78A /* NSScreen+Notch.swift in Sources */,
				2586E152318B70467587E51C /* NotchGeometry.swift in Sources */,
				CBFEA4D08C31BD0C3602E177 /* NotchInteractionState.swift in Sources */,
				344AC320C82085AB24E1F3EC /* NotchPanel.swift in Sources */,
				21DD22351526B5DCB2A38A65 /* NotchPillView.swift in Sources */,
				91F81FE03A457F64032081F8 /* NotchShape.swift in Sources */,
				2B39C5509C7EE35B552C322B /* NotchWindowController.swift in Sources */,
				7E4D99F7223419D03FC89C5C /* NowPlayingMonitor.swift in Sources */,
				3A5F1F3C8D2C451435E0A5BB /* NowPlayingPresentation.swift in Sources */,
				A70C3AA9A41D656BAE1A8B78 /* NowPlayingState.swift in Sources */,
				A1DEA7A96EC18DAD1D4DBE19 /* OnboardingFlow.swift in Sources */,
				988EA78CF8B7C8884036E157 /* OnboardingViewState.swift in Sources */,
				3AFB898616FDDD93C37B1906 /* PolarLicenseService.swift in Sources */,
				921F5385399CF08B36043288 /* PowerActivity.swift in Sources */,
				EB0A6293AAD242E76B254033 /* PowerSourceMonitor.swift in Sources */,
				4D42E4610ECAF1591FEAD40D /* QuickActionSharingService.swift in Sources */,
				0AEE728088F02887A0E07BAE /* SettingsView.swift in Sources */,
				1E4766E3B83E3E06186D2154 /* ShelfCoordinator.swift in Sources */,
				E80E54F355F9DD7F3895158E /* ShelfFileStore.swift in Sources */,
				05E3F6406213849B1212DA66 /* ShelfItem.swift in Sources */,
				A8AF3A084971A06380D41ECC /* ShelfItemView.swift in Sources */,
				873F50F44716655751E47E8B /* ShelfLogic.swift in Sources */,
				F6629BA3134FAACBF505CCF5 /* ShelfViewState.swift in Sources */,
				945E7037D8F44BB922D79D41 /* SignatureHeading.swift in Sources */,
				04A2E8142E58F12B0A28BBB4 /* TrialLogic.swift in Sources */,
				98F28BB61930892735C9F48A /* TrialManager.swift in Sources */,
				19C104D4C4BCFDB492D88B16 /* ViewSwitcherState.swift in Sources */,
				68CE6D5F610C8C037058F697 /* WeatherCategory.swift in Sources */,
				EC1A653A9AB44CE5E1C4F146 /* WeatherService.swift in Sources */,
			);
			runOnlyForDeploymentPostprocessing = 0;
		};
		E264CB91B06C71778999BCBB /* Sources */ = {
			isa = PBXSourcesBuildPhase;
			buildActionMask = 2147483647;
			files = (
				2F75ED15F35CB39A20ED54AB /* ActivitySettingsTests.swift in Sources */,
				B5C45C53901AF3059620F219 /* CalendarGlanceTests.swift in Sources */,
				3E6957C0B3CCDD414EFEC936 /* DeviceActivityTests.swift in Sources */,
				16A051D140699708997B8A33 /* DeviceCoordinatorTests.swift in Sources */,
				83ACBA698B65021287F454A4 /* DiagnosticReportTests.swift in Sources */,
				FD503D3A7D28F74B8D86C930 /* DisplayResolverTests.swift in Sources */,
				6B351B58889CA7C8B7C93511 /* DragApproachGeometryTests.swift in Sources */,
				B8DE8D9FDE9ABC0AA193D43C /* DragDropSupportTests.swift in Sources */,
				DB506F16085ECD1612616899 /* EqualizerBarsTests.swift in Sources */,
				57E10B87D7BD50703138D12D /* FocusActivityTests.swift in Sources */,
				21D3560AA4C7B91581AA5272 /* FullscreenDetectorTests.swift in Sources */,
				0B5D7C9F97587BFE2049F7D7 /* InteractionStateTests.swift in Sources */,
				F553863EC9FBAB880ED80376 /* IslandResolverTests.swift in Sources */,
				7604855295CC6043B60954AF /* LicenseManagerTests.swift in Sources */,
				62BB9F9BCB658F55890D95BD /* LicenseServiceTests.swift in Sources */,
				48156062092638E2BD35BAA0 /* LicenseStateTests.swift in Sources */,
				EECA01E637ADFB54CFAA54E3 /* LocationServiceTests.swift in Sources */,
				EC7657D874B7543FB31FE075 /* NotchGeometryTests.swift in Sources */,
				A532C893CA28FEBC8B8F87A8 /* NotchPanelTests.swift in Sources */,
				ED55476778AA2C021E6C456A /* NotchPillViewTests.swift in Sources */,
				4EBD25B8C54F6A68250153F4 /* NotchShapeTests.swift in Sources */,
				40A19305FE709A3C8F605C3B /* NowPlayingPresentationTests.swift in Sources */,
				7BEE2DF28EF5A73EDB7BA551 /* OnboardingFlowTests.swift in Sources */,
				093EB93DF4C26FB9D4D0E4C5 /* PolarLicenseServiceTests.swift in Sources */,
				1F2B2E8221BC9084BB4A839D /* PowerActivityTests.swift in Sources */,
				CE9AE70D3DEB53014569F64D /* QuickActionSharingServiceTests.swift in Sources */,
				D29EBA9C26F56C26B9E49CDE /* ShelfCoordinatorTests.swift in Sources */,
				3958A1E6D1E4AAE3829D3F20 /* ShelfFileStoreTests.swift in Sources */,
				75B9F62FA809ED170142A930 /* ShelfLogicTests.swift in Sources */,
				FDC3CFCDA54C0AD703BD2156 /* ShelfViewStateTests.swift in Sources */,
				EE11FF65BB39DEC103B88192 /* SignatureHeadingTests.swift in Sources */,
				9D1FF157B4E789EF0A05245A /* TrialLogicTests.swift in Sources */,
				3724A77CBBC391E628A7C5EA /* TrialManagerTests.swift in Sources */,
				1A099891C9DC0C4BBD962245 /* VisibilityDecisionTests.swift in Sources */,
				43DF0886D3878D38B6157239 /* WeatherCategoryTests.swift in Sources */,
				880123373A38864B1A861C2C /* WeatherServiceTests.swift in Sources */,
			);
			runOnlyForDeploymentPostprocessing = 0;
		};
/* End PBXSourcesBuildPhase section */

/* Begin PBXTargetDependency section */
		F82D379B472EAD98E3B3A03E /* PBXTargetDependency */ = {
			isa = PBXTargetDependency;
			target = A1E37B5761C97A84D0C08985 /* Islet */;
			targetProxy = 97E8017AD9939BFEDA6987A7 /* PBXContainerItemProxy */;
		};
/* End PBXTargetDependency section */

/* Begin XCBuildConfiguration section */
		312C1CF12F3F2D988CF0B9E0 /* Debug */ = {
			isa = XCBuildConfiguration;
			buildSettings = {
				ASSETCATALOG_COMPILER_APPICON_NAME = AppIcon;
				CODE_SIGN_ENTITLEMENTS = Islet/Islet.entitlements;
				COMBINE_HIDPI_IMAGES = YES;
				CURRENT_PROJECT_VERSION = 1;
				ENABLE_APP_SANDBOX = NO;
				ENABLE_HARDENED_RUNTIME = YES;
				GENERATE_INFOPLIST_FILE = YES;
				INFOPLIST_KEY_CFBundleDisplayName = Islet;
				INFOPLIST_KEY_LSUIElement = YES;
				INFOPLIST_KEY_NSBluetoothAlwaysUsageDescription = "Islet zeigt eine kurze Mitteilung in der Notch, wenn ein Bluetooth-Gerät wie deine AirPods verbunden oder getrennt wird.";
				INFOPLIST_KEY_NSCalendarsFullAccessUsageDescription = "Islet zeigt dein naechstes anstehendes Kalenderereignis in der Notch an.";
				INFOPLIST_KEY_NSCalendarsUsageDescription = "Islet zeigt dein naechstes anstehendes Kalenderereignis in der Notch an.";
				INFOPLIST_KEY_NSInputMonitoringUsageDescription = "Islet nutzt diese Berechtigung, um beim Ablegen einer Datei in der Notch zu verhindern, dass Finder die Originaldatei verschiebt.";
				INFOPLIST_KEY_NSLocationWhenInUseUsageDescription = "Islet zeigt das aktuelle Wetter in der Notch an, sobald du deinen Standort einmalig freigibst.";
				INFOPLIST_KEY_NSRemindersFullAccessUsageDescription = "Islet legt eine neue Erinnerung an, wenn du das im Kalender-Schnellzugriff auswaehlst.";
				INFOPLIST_KEY_NSRemindersUsageDescription = "Islet legt eine neue Erinnerung an, wenn du das im Kalender-Schnellzugriff auswaehlst.";
				LD_RUNPATH_SEARCH_PATHS = (
					"$(inherited)",
					"@executable_path/../Frameworks",
				);
				MACOSX_DEPLOYMENT_TARGET = 15.0;
				MARKETING_VERSION = 1.0;
				PRODUCT_BUNDLE_IDENTIFIER = com.lippi304.islet;
				PRODUCT_NAME = Islet;
				SDKROOT = macosx;
				SWIFT_VERSION = 5.0;
			};
			name = Debug;
		};
		3554CB72CEE03D6932CF3073 /* Debug */ = {
			isa = XCBuildConfiguration;
			buildSettings = {
				ALWAYS_SEARCH_USER_PATHS = NO;
				CLANG_ANALYZER_NONNULL = YES;
				CLANG_ANALYZER_NUMBER_OBJECT_CONVERSION = YES_AGGRESSIVE;
				CLANG_CXX_LANGUAGE_STANDARD = "gnu++14";
				CLANG_CXX_LIBRARY = "libc++";
				CLANG_ENABLE_MODULES = YES;
				CLANG_ENABLE_OBJC_ARC = YES;
				CLANG_ENABLE_OBJC_WEAK = YES;
				CLANG_WARN_BLOCK_CAPTURE_AUTORELEASING = YES;
				CLANG_WARN_BOOL_CONVERSION = YES;
				CLANG_WARN_COMMA = YES;
				CLANG_WARN_CONSTANT_CONVERSION = YES;
				CLANG_WARN_DEPRECATED_OBJC_IMPLEMENTATIONS = YES;
				CLANG_WARN_DIRECT_OBJC_ISA_USAGE = YES_ERROR;
				CLANG_WARN_DOCUMENTATION_COMMENTS = YES;
				CLANG_WARN_EMPTY_BODY = YES;
				CLANG_WARN_ENUM_CONVERSION = YES;
				CLANG_WARN_INFINITE_RECURSION = YES;
				CLANG_WARN_INT_CONVERSION = YES;
				CLANG_WARN_NON_LITERAL_NULL_CONVERSION = YES;
				CLANG_WARN_OBJC_IMPLICIT_RETAIN_SELF = YES;
				CLANG_WARN_OBJC_LITERAL_CONVERSION = YES;
				CLANG_WARN_OBJC_ROOT_CLASS = YES_ERROR;
				CLANG_WARN_QUOTED_INCLUDE_IN_FRAMEWORK_HEADER = YES;
				CLANG_WARN_RANGE_LOOP_ANALYSIS = YES;
				CLANG_WARN_STRICT_PROTOTYPES = YES;
				CLANG_WARN_SUSPICIOUS_MOVE = YES;
				CLANG_WARN_UNGUARDED_AVAILABILITY = YES_AGGRESSIVE;
				CLANG_WARN_UNREACHABLE_CODE = YES;
				CLANG_WARN__DUPLICATE_METHOD_MATCH = YES;
				CODE_SIGN_STYLE = Automatic;
				COPY_PHASE_STRIP = NO;
				DEAD_CODE_STRIPPING = YES;
				DEBUG_INFORMATION_FORMAT = dwarf;
				DEVELOPMENT_TEAM = R7AGU84UX7;
				ENABLE_HARDENED_RUNTIME = YES;
				ENABLE_STRICT_OBJC_MSGSEND = YES;
				ENABLE_TESTABILITY = YES;
				GCC_C_LANGUAGE_STANDARD = gnu11;
				GCC_DYNAMIC_NO_PIC = NO;
				GCC_NO_COMMON_BLOCKS = YES;
				GCC_OPTIMIZATION_LEVEL = 0;
				GCC_PREPROCESSOR_DEFINITIONS = (
					"$(inherited)",
					"DEBUG=1",
				);
				GCC_WARN_64_TO_32_BIT_CONVERSION = YES;
				GCC_WARN_ABOUT_RETURN_TYPE = YES_ERROR;
				GCC_WARN_UNDECLARED_SELECTOR = YES;
				GCC_WARN_UNINITIALIZED_AUTOS = YES_AGGRESSIVE;
				GCC_WARN_UNUSED_FUNCTION = YES;
				GCC_WARN_UNUSED_VARIABLE = YES;
				MACOSX_DEPLOYMENT_TARGET = 15.0;
				MTL_ENABLE_DEBUG_INFO = INCLUDE_SOURCE;
				MTL_FAST_MATH = YES;
				ONLY_ACTIVE_ARCH = YES;
				PRODUCT_NAME = "$(TARGET_NAME)";
				SDKROOT = macosx;
				SWIFT_ACTIVE_COMPILATION_CONDITIONS = DEBUG;
				SWIFT_OPTIMIZATION_LEVEL = "-Onone";
				SWIFT_VERSION = 5.0;
			};
			name = Debug;
		};
		72F9A251BC1D7CA4C1398530 /* Release */ = {
			isa = XCBuildConfiguration;
			buildSettings = {
				ALWAYS_SEARCH_USER_PATHS = NO;
				CLANG_ANALYZER_NONNULL = YES;
				CLANG_ANALYZER_NUMBER_OBJECT_CONVERSION = YES_AGGRESSIVE;
				CLANG_CXX_LANGUAGE_STANDARD = "gnu++14";
				CLANG_CXX_LIBRARY = "libc++";
				CLANG_ENABLE_MODULES = YES;
				CLANG_ENABLE_OBJC_ARC = YES;
				CLANG_ENABLE_OBJC_WEAK = YES;
				CLANG_WARN_BLOCK_CAPTURE_AUTORELEASING = YES;
				CLANG_WARN_BOOL_CONVERSION = YES;
				CLANG_WARN_COMMA = YES;
				CLANG_WARN_CONSTANT_CONVERSION = YES;
				CLANG_WARN_DEPRECATED_OBJC_IMPLEMENTATIONS = YES;
				CLANG_WARN_DIRECT_OBJC_ISA_USAGE = YES_ERROR;
				CLANG_WARN_DOCUMENTATION_COMMENTS = YES;
				CLANG_WARN_EMPTY_BODY = YES;
				CLANG_WARN_ENUM_CONVERSION = YES;
				CLANG_WARN_INFINITE_RECURSION = YES;
				CLANG_WARN_INT_CONVERSION = YES;
				CLANG_WARN_NON_LITERAL_NULL_CONVERSION = YES;
				CLANG_WARN_OBJC_IMPLICIT_RETAIN_SELF = YES;
				CLANG_WARN_OBJC_LITERAL_CONVERSION = YES;
				CLANG_WARN_OBJC_ROOT_CLASS = YES_ERROR;
				CLANG_WARN_QUOTED_INCLUDE_IN_FRAMEWORK_HEADER = YES;
				CLANG_WARN_RANGE_LOOP_ANALYSIS = YES;
				CLANG_WARN_STRICT_PROTOTYPES = YES;
				CLANG_WARN_SUSPICIOUS_MOVE = YES;
				CLANG_WARN_UNGUARDED_AVAILABILITY = YES_AGGRESSIVE;
				CLANG_WARN_UNREACHABLE_CODE = YES;
				CLANG_WARN__DUPLICATE_METHOD_MATCH = YES;
				CODE_SIGN_STYLE = Automatic;
				COPY_PHASE_STRIP = NO;
				DEAD_CODE_STRIPPING = YES;
				DEBUG_INFORMATION_FORMAT = "dwarf-with-dsym";
				DEVELOPMENT_TEAM = R7AGU84UX7;
				ENABLE_HARDENED_RUNTIME = YES;
				ENABLE_NS_ASSERTIONS = NO;
				ENABLE_STRICT_OBJC_MSGSEND = YES;
				GCC_C_LANGUAGE_STANDARD = gnu11;
				GCC_NO_COMMON_BLOCKS = YES;
				GCC_WARN_64_TO_32_BIT_CONVERSION = YES;
				GCC_WARN_ABOUT_RETURN_TYPE = YES_ERROR;
				GCC_WARN_UNDECLARED_SELECTOR = YES;
				GCC_WARN_UNINITIALIZED_AUTOS = YES_AGGRESSIVE;
				GCC_WARN_UNUSED_FUNCTION = YES;
				GCC_WARN_UNUSED_VARIABLE = YES;
				MACOSX_DEPLOYMENT_TARGET = 15.0;
				MTL_ENABLE_DEBUG_INFO = NO;
				MTL_FAST_MATH = YES;
				PRODUCT_NAME = "$(TARGET_NAME)";
				SDKROOT = macosx;
				SWIFT_COMPILATION_MODE = wholemodule;
				SWIFT_OPTIMIZATION_LEVEL = "-O";
				SWIFT_VERSION = 5.0;
			};
			name = Release;
		};
		84FAAF9CC55DFE40E61A271F /* Release */ = {
			isa = XCBuildConfiguration;
			buildSettings = {
				ASSETCATALOG_COMPILER_APPICON_NAME = AppIcon;
				CODE_SIGN_ENTITLEMENTS = Islet/Islet.entitlements;
				COMBINE_HIDPI_IMAGES = YES;
				CURRENT_PROJECT_VERSION = 1;
				ENABLE_APP_SANDBOX = NO;
				ENABLE_HARDENED_RUNTIME = YES;
				GENERATE_INFOPLIST_FILE = YES;
				INFOPLIST_KEY_CFBundleDisplayName = Islet;
				INFOPLIST_KEY_LSUIElement = YES;
				INFOPLIST_KEY_NSBluetoothAlwaysUsageDescription = "Islet zeigt eine kurze Mitteilung in der Notch, wenn ein Bluetooth-Gerät wie deine AirPods verbunden oder getrennt wird.";
				INFOPLIST_KEY_NSCalendarsFullAccessUsageDescription = "Islet zeigt dein naechstes anstehendes Kalenderereignis in der Notch an.";
				INFOPLIST_KEY_NSCalendarsUsageDescription = "Islet zeigt dein naechstes anstehendes Kalenderereignis in der Notch an.";
				INFOPLIST_KEY_NSInputMonitoringUsageDescription = "Islet nutzt diese Berechtigung, um beim Ablegen einer Datei in der Notch zu verhindern, dass Finder die Originaldatei verschiebt.";
				INFOPLIST_KEY_NSLocationWhenInUseUsageDescription = "Islet zeigt das aktuelle Wetter in der Notch an, sobald du deinen Standort einmalig freigibst.";
				INFOPLIST_KEY_NSRemindersFullAccessUsageDescription = "Islet legt eine neue Erinnerung an, wenn du das im Kalender-Schnellzugriff auswaehlst.";
				INFOPLIST_KEY_NSRemindersUsageDescription = "Islet legt eine neue Erinnerung an, wenn du das im Kalender-Schnellzugriff auswaehlst.";
				LD_RUNPATH_SEARCH_PATHS = (
					"$(inherited)",
					"@executable_path/../Frameworks",
				);
				MACOSX_DEPLOYMENT_TARGET = 15.0;
				MARKETING_VERSION = 1.0;
				PRODUCT_BUNDLE_IDENTIFIER = com.lippi304.islet;
				PRODUCT_NAME = Islet;
				SDKROOT = macosx;
				SWIFT_VERSION = 5.0;
			};
			name = Release;
		};
		BFADF68718A9D4A786544A44 /* Debug */ = {
			isa = XCBuildConfiguration;
			buildSettings = {
				BUNDLE_LOADER = "$(TEST_HOST)";
				COMBINE_HIDPI_IMAGES = YES;
				GENERATE_INFOPLIST_FILE = YES;
				LD_RUNPATH_SEARCH_PATHS = (
					"$(inherited)",
					"@executable_path/../Frameworks",
					"@loader_path/../Frameworks",
				);
				MACOSX_DEPLOYMENT_TARGET = 15.0;
				PRODUCT_BUNDLE_IDENTIFIER = com.lippi304.IsletTests;
				SDKROOT = macosx;
				SWIFT_VERSION = 5.0;
				TEST_HOST = "$(BUILT_PRODUCTS_DIR)/Islet.app/Contents/MacOS/Islet";
			};
			name = Debug;
		};
		CC1E439B43DBBA06FD2A76BF /* Release */ = {
			isa = XCBuildConfiguration;
			buildSettings = {
				BUNDLE_LOADER = "$(TEST_HOST)";
				COMBINE_HIDPI_IMAGES = YES;
				GENERATE_INFOPLIST_FILE = YES;
				LD_RUNPATH_SEARCH_PATHS = (
					"$(inherited)",
					"@executable_path/../Frameworks",
					"@loader_path/../Frameworks",
				);
				MACOSX_DEPLOYMENT_TARGET = 15.0;
				PRODUCT_BUNDLE_IDENTIFIER = com.lippi304.IsletTests;
				SDKROOT = macosx;
				SWIFT_VERSION = 5.0;
				TEST_HOST = "$(BUILT_PRODUCTS_DIR)/Islet.app/Contents/MacOS/Islet";
			};
			name = Release;
		};
/* End XCBuildConfiguration section */

/* Begin XCConfigurationList section */
		1613E481DA5052E2183537BF /* Build configuration list for PBXNativeTarget "IsletTests" */ = {
			isa = XCConfigurationList;
			buildConfigurations = (
				BFADF68718A9D4A786544A44 /* Debug */,
				CC1E439B43DBBA06FD2A76BF /* Release */,
			);
			defaultConfigurationIsVisible = 0;
			defaultConfigurationName = Debug;
		};
		381E4B6B537864FE6387E85B /* Build configuration list for PBXNativeTarget "Islet" */ = {
			isa = XCConfigurationList;
			buildConfigurations = (
				312C1CF12F3F2D988CF0B9E0 /* Debug */,
				84FAAF9CC55DFE40E61A271F /* Release */,
			);
			defaultConfigurationIsVisible = 0;
			defaultConfigurationName = Debug;
		};
		779A1F3A63125DBE409150FD /* Build configuration list for PBXProject "Islet" */ = {
			isa = XCConfigurationList;
			buildConfigurations = (
				3554CB72CEE03D6932CF3073 /* Debug */,
				72F9A251BC1D7CA4C1398530 /* Release */,
			);
			defaultConfigurationIsVisible = 0;
			defaultConfigurationName = Debug;
		};
/* End XCConfigurationList section */

/* Begin XCRemoteSwiftPackageReference section */
		8DD604879E4D768C7539449C /* XCRemoteSwiftPackageReference "mediaremote-adapter" */ = {
			isa = XCRemoteSwiftPackageReference;
			repositoryURL = "https://github.com/ejbills/mediaremote-adapter";
			requirement = {
				kind = revision;
				revision = cf30c4f1af29b5829d859f088f8dbdf12611a046;
			};
		};
/* End XCRemoteSwiftPackageReference section */

/* Begin XCSwiftPackageProductDependency section */
		D6A7AB5384DD081F88A00374 /* MediaRemoteAdapter */ = {
			isa = XCSwiftPackageProductDependency;
			package = 8DD604879E4D768C7539449C /* XCRemoteSwiftPackageReference "mediaremote-adapter" */;
			productName = MediaRemoteAdapter;
		};
/* End XCSwiftPackageProductDependency section */
	};
	rootObject = 8D26EA4585E3E2A0AF056E47 /* Project object */;
}
